// !$*UTF8*$!
{
	archiveVersion = 1;
	classes = {
	};
	objectVersion = 48;
	objects = {

/* Begin PBXBuildFile section */
		9F031D94879D41BD3E0CD156 /* libPods-xdzc.a in Frameworks */ = {isa = PBXBuildFile; fileRef = E606E74A669E169E7B17BBC4 /* libPods-xdzc.a */; };
		B25FFFB32075EFD40010B4CD /* UILabelController.m in Sources */ = {isa = PBXBuildFile; fileRef = B25FFF682075EFD30010B4CD /* UILabelController.m */; };
		B25FFFB42075EFD40010B4CD /* UIHierarchyController.m in Sources */ = {isa = PBXBuildFile; fileRef = B25FFF692075EFD30010B4CD /* UIHierarchyController.m */; };
		B25FFFB52075EFD40010B4CD /* UIButtonController.m in Sources */ = {isa = PBXBuildFile; fileRef = B25FFF6E2075EFD30010B4CD /* UIButtonController.m */; };
		B25FFFB62075EFD40010B4CD /* UIButtonEventController.m in Sources */ = {isa = PBXBuildFile; fileRef = B25FFF6F2075EFD30010B4CD /* UIButtonEventController.m */; };
		B25FFFB72075EFD40010B4CD /* SqliteController.m in Sources */ = {isa = PBXBuildFile; fileRef = B25FFF712075EFD30010B4CD /* SqliteController.m */; };
		B25FFFB82075EFD40010B4CD /* UISliderController.m in Sources */ = {isa = PBXBuildFile; fileRef = B25FFF752075EFD30010B4CD /* UISliderController.m */; };
		B25FFFB92075EFD40010B4CD /* UITextFielController.m in Sources */ = {isa = PBXBuildFile; fileRef = B25FFF782075EFD30010B4CD /* UITextFielController.m */; };
		B25FFFBA2075EFD40010B4CD /* UIAlertViewController.m in Sources */ = {isa = PBXBuildFile; fileRef = B25FFF792075EFD30010B4CD /* UIAlertViewController.m */; };
		B25FFFBB2075EFD40010B4CD /* JSONXMLController.m in Sources */ = {isa = PBXBuildFile; fileRef = B25FFF7C2075EFD30010B4CD /* JSONXMLController.m */; };
		B25FFFBC2075EFD40010B4CD /* UITouchController.m in Sources */ = {isa = PBXBuildFile; fileRef = B25FFF802075EFD30010B4CD /* UITouchController.m */; };
		B25FFFBD2075EFD40010B4CD /* UIScrollerViewController.m in Sources */ = {isa = PBXBuildFile; fileRef = B25FFF812075EFD30010B4CD /* UIScrollerViewController.m */; };
		B25FFFBE2075EFD40010B4CD /* URLConnectsController.m in Sources */ = {isa = PBXBuildFile; fileRef = B25FFF852075EFD30010B4CD /* URLConnectsController.m */; };
		B25FFFBF2075EFD40010B4CD /* MyWKWebController.m in Sources */ = {isa = PBXBuildFile; fileRef = B25FFF862075EFD30010B4CD /* MyWKWebController.m */; };
		B25FFFC02075EFD40010B4CD /* SDWebImageController.m in Sources */ = {isa = PBXBuildFile; fileRef = B25FFF882075EFD30010B4CD /* SDWebImageController.m */; };
		B25FFFC12075EFD40010B4CD /* XIBViewController.m in Sources */ = {isa = PBXBuildFile; fileRef = B25FFF8C2075EFD30010B4CD /* XIBViewController.m */; };
		B25FFFC22075EFD40010B4CD /* XIBViewController.xib in Resources */ = {isa = PBXBuildFile; fileRef = B25FFF8D2075EFD30010B4CD /* XIBViewController.xib */; };
		B25FFFC32075EFD40010B4CD /* UIGestureController.m in Sources */ = {isa = PBXBuildFile; fileRef = B25FFF912075EFD30010B4CD /* UIGestureController.m */; };
		B25FFFC42075EFD40010B4CD /* MYTableViewController.m in Sources */ = {isa = PBXBuildFile; fileRef = B25FFF942075EFD30010B4CD /* MYTableViewController.m */; };
		B25FFFC52075EFD40010B4CD /* UINavgationController.m in Sources */ = {isa = PBXBuildFile; fileRef = B25FFF962075EFD30010B4CD /* UINavgationController.m */; };
		B25FFFC62075EFD40010B4CD /* TimerViewController.m in Sources */ = {isa = PBXBuildFile; fileRef = B25FFF9B2075EFD30010B4CD /* TimerViewController.m */; };
		B25FFFC72075EFD40010B4CD /* UIWindowController.m in Sources */ = {isa = PBXBuildFile; fileRef = B25FFF9C2075EFD30010B4CD /* UIWindowController.m */; };
		B25FFFC82075EFD40010B4CD /* UISwitchController.m in Sources */ = {isa = PBXBuildFile; fileRef = B25FFF9D2075EFD30010B4CD /* UISwitchController.m */; };
		B25FFFC92075EFD40010B4CD /* AutoLayoutViewController.xib in Resources */ = {isa = PBXBuildFile; fileRef = B25FFFA32075EFD30010B4CD /* AutoLayoutViewController.xib */; };
		B25FFFCA2075EFD40010B4CD /* ManualLayoutController.m in Sources */ = {isa = PBXBuildFile; fileRef = B25FFFA42075EFD30010B4CD /* ManualLayoutController.m */; };
		B25FFFCB2075EFD40010B4CD /* AutoLayoutViewController.m in Sources */ = {isa = PBXBuildFile; fileRef = B25FFFA52075EFD30010B4CD /* AutoLayoutViewController.m */; };
		B25FFFCC2075EFD40010B4CD /* RespondersController.m in Sources */ = {isa = PBXBuildFile; fileRef = B25FFFA62075EFD30010B4CD /* RespondersController.m */; };
		B25FFFCD2075EFD40010B4CD /* AnimationController.m in Sources */ = {isa = PBXBuildFile; fileRef = B25FFFA82075EFD30010B4CD /* AnimationController.m */; };
		B25FFFE52075F0010010B4CD /* UIView+gesture.m in Sources */ = {isa = PBXBuildFile; fileRef = B25FFFD12075F0010010B4CD /* UIView+gesture.m */; };
		B25FFFE62075F0010010B4CD /* MyClass.m in Sources */ = {isa = PBXBuildFile; fileRef = B25FFFD22075F0010010B4CD /* MyClass.m */; };
		B25FFFE72075F0010010B4CD /* CopyProperty.m in Sources */ = {isa = PBXBuildFile; fileRef = B25FFFD42075F0010010B4CD /* CopyProperty.m */; };
		B25FFFE82075F0010010B4CD /* NSString+Helper.m in Sources */ = {isa = PBXBuildFile; fileRef = B25FFFD72075F0010010B4CD /* NSString+Helper.m */; };
		B25FFFE92075F0010010B4CD /* UserModel.m in Sources */ = {isa = PBXBuildFile; fileRef = B25FFFDB2075F0010010B4CD /* UserModel.m */; };
		B25FFFEA2075F0010010B4CD /* Service.m in Sources */ = {isa = PBXBuildFile; fileRef = B25FFFDD2075F0010010B4CD /* Service.m */; };
		B25FFFEB2075F0010010B4CD /* base64.m in Sources */ = {isa = PBXBuildFile; fileRef = B25FFFDE2075F0010010B4CD /* base64.m */; };
		B25FFFEC2075F0010010B4CD /* GTMBase64.m in Sources */ = {isa = PBXBuildFile; fileRef = B25FFFE02075F0010010B4CD /* GTMBase64.m */; };
		B25FFFED2075F0010010B4CD /* LYAutoreleasepool.m in Sources */ = {isa = PBXBuildFile; fileRef = B25FFFE42075F0010010B4CD /* LYAutoreleasepool.m */; };
		B2900E35206A293800953737 /* LYCatViewController.m in Sources */ = {isa = PBXBuildFile; fileRef = B2900E34206A293800953737 /* LYCatViewController.m */; };
		B2F3F472207B3AA000E4AFAF /* SUTRuntimeMethodHelper.m in Sources */ = {isa = PBXBuildFile; fileRef = B2F3F471207B3AA000E4AFAF /* SUTRuntimeMethodHelper.m */; };
		B2F3F475207B3AB200E4AFAF /* SUTRuntimeMethod.m in Sources */ = {isa = PBXBuildFile; fileRef = B2F3F474207B3AB200E4AFAF /* SUTRuntimeMethod.m */; };
		B2F3F478207C662600E4AFAF /* UIViewController+Tracking.m in Sources */ = {isa = PBXBuildFile; fileRef = B2F3F477207C662600E4AFAF /* UIViewController+Tracking.m */; };
		B47B660B20032B4400E81BCB /* CardTableViewCell.m in Sources */ = {isa = PBXBuildFile; fileRef = B47B660920032B4400E81BCB /* CardTableViewCell.m */; };
		B47B660C20032B4400E81BCB /* CardTableViewCell.xib in Resources */ = {isa = PBXBuildFile; fileRef = B47B660A20032B4400E81BCB /* CardTableViewCell.xib */; };
		B48E0D2420007E730085A2DD /* AppDelegate.m in Sources */ = {isa = PBXBuildFile; fileRef = B48E0D2320007E730085A2DD /* AppDelegate.m */; };
		B48E0D2720007E730085A2DD /* ViewController.m in Sources */ = {isa = PBXBuildFile; fileRef = B48E0D2620007E730085A2DD /* ViewController.m */; };
		B48E0D2A20007E730085A2DD /* Main.storyboard in Resources */ = {isa = PBXBuildFile; fileRef = B48E0D2820007E730085A2DD /* Main.storyboard */; };
		B48E0D2C20007E730085A2DD /* Assets.xcassets in Resources */ = {isa = PBXBuildFile; fileRef = B48E0D2B20007E730085A2DD /* Assets.xcassets */; };
		B48E0D2F20007E730085A2DD /* LaunchScreen.storyboard in Resources */ = {isa = PBXBuildFile; fileRef = B48E0D2D20007E730085A2DD /* LaunchScreen.storyboard */; };
		B48E0D3220007E730085A2DD /* main.m in Sources */ = {isa = PBXBuildFile; fileRef = B48E0D3120007E730085A2DD /* main.m */; };
		B48E0D3A20007F240085A2DD /* ProjectDetailsView.m in Sources */ = {isa = PBXBuildFile; fileRef = B48E0D3920007F240085A2DD /* ProjectDetailsView.m */; };
		B48E0D3C20007FA70085A2DD /* ProjectDetailsView.xib in Resources */ = {isa = PBXBuildFile; fileRef = B48E0D3B20007FA70085A2DD /* ProjectDetailsView.xib */; };
		B4DB5753201048C400196F6E /* MobileCoreServices.framework in Frameworks */ = {isa = PBXBuildFile; fileRef = B4DB5752201048C400196F6E /* MobileCoreServices.framework */; };
		B4DB57552010498500196F6E /* SystemConfiguration.framework in Frameworks */ = {isa = PBXBuildFile; fileRef = B4DB57542010498500196F6E /* SystemConfiguration.framework */; };
		B4DB5759201080A100196F6E /* ActivityWebView.m in Sources */ = {isa = PBXBuildFile; fileRef = B4DB5758201080A100196F6E /* ActivityWebView.m */; };
/* End PBXBuildFile section */

/* Begin PBXFileReference section */
		153A92FE28FD1EA020AA1FD3 /* Pods-xdzc.release.xcconfig */ = {isa = PBXFileReference; includeInIndex = 1; lastKnownFileType = text.xcconfig; name = "Pods-xdzc.release.xcconfig"; path = "Pods/Target Support Files/Pods-xdzc/Pods-xdzc.release.xcconfig"; sourceTree = "<group>"; };
		319EBD93DD73B93F7BC73845 /* Pods-xdzc.debug.xcconfig */ = {isa = PBXFileReference; includeInIndex = 1; lastKnownFileType = text.xcconfig; name = "Pods-xdzc.debug.xcconfig"; path = "Pods/Target Support Files/Pods-xdzc/Pods-xdzc.debug.xcconfig"; sourceTree = "<group>"; };
		B25FFF682075EFD30010B4CD /* UILabelController.m */ = {isa = PBXFileReference; fileEncoding = 4; lastKnownFileType = sourcecode.c.objc; path = UILabelController.m; sourceTree = "<group>"; };
		B25FFF692075EFD30010B4CD /* UIHierarchyController.m */ = {isa = PBXFileReference; fileEncoding = 4; lastKnownFileType = sourcecode.c.objc; path = UIHierarchyController.m; sourceTree = "<group>"; };
		B25FFF6A2075EFD30010B4CD /* UIButtonEventController.h */ = {isa = PBXFileReference; fileEncoding = 4; lastKnownFileType = sourcecode.c.h; path = UIButtonEventController.h; sourceTree = "<group>"; };
		B25FFF6B2075EFD30010B4CD /* UIButtonController.h */ = {isa = PBXFileReference; fileEncoding = 4; lastKnownFileType = sourcecode.c.h; path = UIButtonController.h; sourceTree = "<group>"; };
		B25FFF6C2075EFD30010B4CD /* UILabelController.h */ = {isa = PBXFileReference; fileEncoding = 4; lastKnownFileType = sourcecode.c.h; path = UILabelController.h; sourceTree = "<group>"; };
		B25FFF6D2075EFD30010B4CD /* UIHierarchyController.h */ = {isa = PBXFileReference; fileEncoding = 4; lastKnownFileType = sourcecode.c.h; path = UIHierarchyController.h; sourceTree = "<group>"; };
		B25FFF6E2075EFD30010B4CD /* UIButtonController.m */ = {isa = PBXFileReference; fileEncoding = 4; lastKnownFileType = sourcecode.c.objc; path = UIButtonController.m; sourceTree = "<group>"; };
		B25FFF6F2075EFD30010B4CD /* UIButtonEventController.m */ = {isa = PBXFileReference; fileEncoding = 4; lastKnownFileType = sourcecode.c.objc; path = UIButtonEventController.m; sourceTree = "<group>"; };
		B25FFF712075EFD30010B4CD /* SqliteController.m */ = {isa = PBXFileReference; fileEncoding = 4; lastKnownFileType = sourcecode.c.objc; path = SqliteController.m; sourceTree = "<group>"; };
		B25FFF722075EFD30010B4CD /* SqliteController.h */ = {isa = PBXFileReference; fileEncoding = 4; lastKnownFileType = sourcecode.c.h; path = SqliteController.h; sourceTree = "<group>"; };
		B25FFF742075EFD30010B4CD /* UITextFielController.h */ = {isa = PBXFileReference; fileEncoding = 4; lastKnownFileType = sourcecode.c.h; path = UITextFielController.h; sourceTree = "<group>"; };
		B25FFF752075EFD30010B4CD /* UISliderController.m */ = {isa = PBXFileReference; fileEncoding = 4; lastKnownFileType = sourcecode.c.objc; path = UISliderController.m; sourceTree = "<group>"; };
		B25FFF762075EFD30010B4CD /* UIAlertViewController.h */ = {isa = PBXFileReference; fileEncoding = 4; lastKnownFileType = sourcecode.c.h; path = UIAlertViewController.h; sourceTree = "<group>"; };
		B25FFF772075EFD30010B4CD /* UISliderController.h */ = {isa = PBXFileReference; fileEncoding = 4; lastKnownFileType = sourcecode.c.h; path = UISliderController.h; sourceTree = "<group>"; };
		B25FFF782075EFD30010B4CD /* UITextFielController.m */ = {isa = PBXFileReference; fileEncoding = 4; lastKnownFileType = sourcecode.c.objc; path = UITextFielController.m; sourceTree = "<group>"; };
		B25FFF792075EFD30010B4CD /* UIAlertViewController.m */ = {isa = PBXFileReference; fileEncoding = 4; lastKnownFileType = sourcecode.c.objc; path = UIAlertViewController.m; sourceTree = "<group>"; };
		B25FFF7B2075EFD30010B4CD /* JSONXMLController.h */ = {isa = PBXFileReference; fileEncoding = 4; lastKnownFileType = sourcecode.c.h; path = JSONXMLController.h; sourceTree = "<group>"; };
		B25FFF7C2075EFD30010B4CD /* JSONXMLController.m */ = {isa = PBXFileReference; fileEncoding = 4; lastKnownFileType = sourcecode.c.objc; path = JSONXMLController.m; sourceTree = "<group>"; };
		B25FFF7E2075EFD30010B4CD /* UIScrollerViewController.h */ = {isa = PBXFileReference; fileEncoding = 4; lastKnownFileType = sourcecode.c.h; path = UIScrollerViewController.h; sourceTree = "<group>"; };
		B25FFF7F2075EFD30010B4CD /* UITouchController.h */ = {isa = PBXFileReference; fileEncoding = 4; lastKnownFileType = sourcecode.c.h; path = UITouchController.h; sourceTree = "<group>"; };
		B25FFF802075EFD30010B4CD /* UITouchController.m */ = {isa = PBXFileReference; fileEncoding = 4; lastKnownFileType = sourcecode.c.objc; path = UITouchController.m; sourceTree = "<group>"; };
		B25FFF812075EFD30010B4CD /* UIScrollerViewController.m */ = {isa = PBXFileReference; fileEncoding = 4; lastKnownFileType = sourcecode.c.objc; path = UIScrollerViewController.m; sourceTree = "<group>"; };
		B25FFF832075EFD30010B4CD /* URLConnectsController.h */ = {isa = PBXFileReference; fileEncoding = 4; lastKnownFileType = sourcecode.c.h; path = URLConnectsController.h; sourceTree = "<group>"; };
		B25FFF842075EFD30010B4CD /* MyWKWebController.h */ = {isa = PBXFileReference; fileEncoding = 4; lastKnownFileType = sourcecode.c.h; path = MyWKWebController.h; sourceTree = "<group>"; };
		B25FFF852075EFD30010B4CD /* URLConnectsController.m */ = {isa = PBXFileReference; fileEncoding = 4; lastKnownFileType = sourcecode.c.objc; path = URLConnectsController.m; sourceTree = "<group>"; };
		B25FFF862075EFD30010B4CD /* MyWKWebController.m */ = {isa = PBXFileReference; fileEncoding = 4; lastKnownFileType = sourcecode.c.objc; path = MyWKWebController.m; sourceTree = "<group>"; };
		B25FFF882075EFD30010B4CD /* SDWebImageController.m */ = {isa = PBXFileReference; fileEncoding = 4; lastKnownFileType = sourcecode.c.objc; path = SDWebImageController.m; sourceTree = "<group>"; };
		B25FFF892075EFD30010B4CD /* SDWebImageController.h */ = {isa = PBXFileReference; fileEncoding = 4; lastKnownFileType = sourcecode.c.h; path = SDWebImageController.h; sourceTree = "<group>"; };
		B25FFF8C2075EFD30010B4CD /* XIBViewController.m */ = {isa = PBXFileReference; fileEncoding = 4; lastKnownFileType = sourcecode.c.objc; path = XIBViewController.m; sourceTree = "<group>"; };
		B25FFF8D2075EFD30010B4CD /* XIBViewController.xib */ = {isa = PBXFileReference; fileEncoding = 4; lastKnownFileType = file.xib; path = XIBViewController.xib; sourceTree = "<group>"; };
		B25FFF8E2075EFD30010B4CD /* XIBViewController.h */ = {isa = PBXFileReference; fileEncoding = 4; lastKnownFileType = sourcecode.c.h; path = XIBViewController.h; sourceTree = "<group>"; };
		B25FFF902075EFD30010B4CD /* UIGestureController.h */ = {isa = PBXFileReference; fileEncoding = 4; lastKnownFileType = sourcecode.c.h; path = UIGestureController.h; sourceTree = "<group>"; };
		B25FFF912075EFD30010B4CD /* UIGestureController.m */ = {isa = PBXFileReference; fileEncoding = 4; lastKnownFileType = sourcecode.c.objc; path = UIGestureController.m; sourceTree = "<group>"; };
		B25FFF932075EFD30010B4CD /* MYTableViewController.h */ = {isa = PBXFileReference; fileEncoding = 4; lastKnownFileType = sourcecode.c.h; path = MYTableViewController.h; sourceTree = "<group>"; };
		B25FFF942075EFD30010B4CD /* MYTableViewController.m */ = {isa = PBXFileReference; fileEncoding = 4; lastKnownFileType = sourcecode.c.objc; path = MYTableViewController.m; sourceTree = "<group>"; };
		B25FFF962075EFD30010B4CD /* UINavgationController.m */ = {isa = PBXFileReference; fileEncoding = 4; lastKnownFileType = sourcecode.c.objc; path = UINavgationController.m; sourceTree = "<group>"; };
		B25FFF972075EFD30010B4CD /* UINavgationController.h */ = {isa = PBXFileReference; fileEncoding = 4; lastKnownFileType = sourcecode.c.h; path = UINavgationController.h; sourceTree = "<group>"; };
		B25FFF992075EFD30010B4CD /* UISwitchController.h */ = {isa = PBXFileReference; fileEncoding = 4; lastKnownFileType = sourcecode.c.h; path = UISwitchController.h; sourceTree = "<group>"; };
		B25FFF9A2075EFD30010B4CD /* UIWindowController.h */ = {isa = PBXFileReference; fileEncoding = 4; lastKnownFileType = sourcecode.c.h; path = UIWindowController.h; sourceTree = "<group>"; };
		B25FFF9B2075EFD30010B4CD /* TimerViewController.m */ = {isa = PBXFileReference; fileEncoding = 4; lastKnownFileType = sourcecode.c.objc; path = TimerViewController.m; sourceTree = "<group>"; };
		B25FFF9C2075EFD30010B4CD /* UIWindowController.m */ = {isa = PBXFileReference; fileEncoding = 4; lastKnownFileType = sourcecode.c.objc; path = UIWindowController.m; sourceTree = "<group>"; };
		B25FFF9D2075EFD30010B4CD /* UISwitchController.m */ = {isa = PBXFileReference; fileEncoding = 4; lastKnownFileType = sourcecode.c.objc; path = UISwitchController.m; sourceTree = "<group>"; };
		B25FFF9E2075EFD30010B4CD /* TimerViewController.h */ = {isa = PBXFileReference; fileEncoding = 4; lastKnownFileType = sourcecode.c.h; path = TimerViewController.h; sourceTree = "<group>"; };
		B25FFFA02075EFD30010B4CD /* AutoLayoutViewController.h */ = {isa = PBXFileReference; fileEncoding = 4; lastKnownFileType = sourcecode.c.h; path = AutoLayoutViewController.h; sourceTree = "<group>"; };
		B25FFFA12075EFD30010B4CD /* ManualLayoutController.h */ = {isa = PBXFileReference; fileEncoding = 4; lastKnownFileType = sourcecode.c.h; path = ManualLayoutController.h; sourceTree = "<group>"; };
		B25FFFA22075EFD30010B4CD /* RespondersController.h */ = {isa = PBXFileReference; fileEncoding = 4; lastKnownFileType = sourcecode.c.h; path = RespondersController.h; sourceTree = "<group>"; };
		B25FFFA32075EFD30010B4CD /* AutoLayoutViewController.xib */ = {isa = PBXFileReference; fileEncoding = 4; lastKnownFileType = file.xib; path = AutoLayoutViewController.xib; sourceTree = "<group>"; };
		B25FFFA42075EFD30010B4CD /* ManualLayoutController.m */ = {isa = PBXFileReference; fileEncoding = 4; lastKnownFileType = sourcecode.c.objc; path = ManualLayoutController.m; sourceTree = "<group>"; };
		B25FFFA52075EFD30010B4CD /* AutoLayoutViewController.m */ = {isa = PBXFileReference; fileEncoding = 4; lastKnownFileType = sourcecode.c.objc; path = AutoLayoutViewController.m; sourceTree = "<group>"; };
		B25FFFA62075EFD30010B4CD /* RespondersController.m */ = {isa = PBXFileReference; fileEncoding = 4; lastKnownFileType = sourcecode.c.objc; path = RespondersController.m; sourceTree = "<group>"; };
		B25FFFA82075EFD30010B4CD /* AnimationController.m */ = {isa = PBXFileReference; fileEncoding = 4; lastKnownFileType = sourcecode.c.objc; path = AnimationController.m; sourceTree = "<group>"; };
		B25FFFA92075EFD30010B4CD /* AnimationController.h */ = {isa = PBXFileReference; fileEncoding = 4; lastKnownFileType = sourcecode.c.h; path = AnimationController.h; sourceTree = "<group>"; };
		B25FFFCF2075F0010010B4CD /* UIView+gesture.h */ = {isa = PBXFileReference; fileEncoding = 4; lastKnownFileType = sourcecode.c.h; path = "UIView+gesture.h"; sourceTree = "<group>"; };
		B25FFFD02075F0010010B4CD /* MyClass.h */ = {isa = PBXFileReference; fileEncoding = 4; lastKnownFileType = sourcecode.c.h; path = MyClass.h; sourceTree = "<group>"; };
		B25FFFD12075F0010010B4CD /* UIView+gesture.m */ = {isa = PBXFileReference; fileEncoding = 4; lastKnownFileType = sourcecode.c.objc; path = "UIView+gesture.m"; sourceTree = "<group>"; };
		B25FFFD22075F0010010B4CD /* MyClass.m */ = {isa = PBXFileReference; fileEncoding = 4; lastKnownFileType = sourcecode.c.objc; path = MyClass.m; sourceTree = "<group>"; };
		B25FFFD42075F0010010B4CD /* CopyProperty.m */ = {isa = PBXFileReference; fileEncoding = 4; lastKnownFileType = sourcecode.c.objc; path = CopyProperty.m; sourceTree = "<group>"; };
		B25FFFD52075F0010010B4CD /* CopyProperty.h */ = {isa = PBXFileReference; fileEncoding = 4; lastKnownFileType = sourcecode.c.h; path = CopyProperty.h; sourceTree = "<group>"; };
		B25FFFD72075F0010010B4CD /* NSString+Helper.m */ = {isa = PBXFileReference; fileEncoding = 4; lastKnownFileType = sourcecode.c.objc; path = "NSString+Helper.m"; sourceTree = "<group>"; };
		B25FFFD82075F0010010B4CD /* base64.h */ = {isa = PBXFileReference; fileEncoding = 4; lastKnownFileType = sourcecode.c.h; path = base64.h; sourceTree = "<group>"; };
		B25FFFD92075F0010010B4CD /* Service.h */ = {isa = PBXFileReference; fileEncoding = 4; lastKnownFileType = sourcecode.c.h; path = Service.h; sourceTree = "<group>"; };
		B25FFFDA2075F0010010B4CD /* GTMBase64.h */ = {isa = PBXFileReference; fileEncoding = 4; lastKnownFileType = sourcecode.c.h; path = GTMBase64.h; sourceTree = "<group>"; };
		B25FFFDB2075F0010010B4CD /* UserModel.m */ = {isa = PBXFileReference; fileEncoding = 4; lastKnownFileType = sourcecode.c.objc; path = UserModel.m; sourceTree = "<group>"; };
		B25FFFDC2075F0010010B4CD /* NSString+Helper.h */ = {isa = PBXFileReference; fileEncoding = 4; lastKnownFileType = sourcecode.c.h; path = "NSString+Helper.h"; sourceTree = "<group>"; };
		B25FFFDD2075F0010010B4CD /* Service.m */ = {isa = PBXFileReference; fileEncoding = 4; lastKnownFileType = sourcecode.c.objc; path = Service.m; sourceTree = "<group>"; };
		B25FFFDE2075F0010010B4CD /* base64.m */ = {isa = PBXFileReference; fileEncoding = 4; lastKnownFileType = sourcecode.c.objc; path = base64.m; sourceTree = "<group>"; };
		B25FFFDF2075F0010010B4CD /* GTMDefines.h */ = {isa = PBXFileReference; fileEncoding = 4; lastKnownFileType = sourcecode.c.h; path = GTMDefines.h; sourceTree = "<group>"; };
		B25FFFE02075F0010010B4CD /* GTMBase64.m */ = {isa = PBXFileReference; fileEncoding = 4; lastKnownFileType = sourcecode.c.objc; path = GTMBase64.m; sourceTree = "<group>"; };
		B25FFFE12075F0010010B4CD /* UserModel.h */ = {isa = PBXFileReference; fileEncoding = 4; lastKnownFileType = sourcecode.c.h; path = UserModel.h; sourceTree = "<group>"; };
		B25FFFE32075F0010010B4CD /* LYAutoreleasepool.h */ = {isa = PBXFileReference; fileEncoding = 4; lastKnownFileType = sourcecode.c.h; path = LYAutoreleasepool.h; sourceTree = "<group>"; };
		B25FFFE42075F0010010B4CD /* LYAutoreleasepool.m */ = {isa = PBXFileReference; fileEncoding = 4; lastKnownFileType = sourcecode.c.objc; path = LYAutoreleasepool.m; sourceTree = "<group>"; };
		B2900E33206A293800953737 /* LYCatViewController.h */ = {isa = PBXFileReference; lastKnownFileType = sourcecode.c.h; path = LYCatViewController.h; sourceTree = "<group>"; };
		B2900E34206A293800953737 /* LYCatViewController.m */ = {isa = PBXFileReference; lastKnownFileType = sourcecode.c.objc; path = LYCatViewController.m; sourceTree = "<group>"; };
		B2F3F470207B3AA000E4AFAF /* SUTRuntimeMethodHelper.h */ = {isa = PBXFileReference; lastKnownFileType = sourcecode.c.h; path = SUTRuntimeMethodHelper.h; sourceTree = "<group>"; };
		B2F3F471207B3AA000E4AFAF /* SUTRuntimeMethodHelper.m */ = {isa = PBXFileReference; lastKnownFileType = sourcecode.c.objc; path = SUTRuntimeMethodHelper.m; sourceTree = "<group>"; };
		B2F3F473207B3AB200E4AFAF /* SUTRuntimeMethod.h */ = {isa = PBXFileReference; lastKnownFileType = sourcecode.c.h; path = SUTRuntimeMethod.h; sourceTree = "<group>"; };
		B2F3F474207B3AB200E4AFAF /* SUTRuntimeMethod.m */ = {isa = PBXFileReference; lastKnownFileType = sourcecode.c.objc; path = SUTRuntimeMethod.m; sourceTree = "<group>"; };
		B2F3F476207C662600E4AFAF /* UIViewController+Tracking.h */ = {isa = PBXFileReference; lastKnownFileType = sourcecode.c.h; name = "UIViewController+Tracking.h"; path = "UI部分/UIViewController+Tracking.h"; sourceTree = "<group>"; };
		B2F3F477207C662600E4AFAF /* UIViewController+Tracking.m */ = {isa = PBXFileReference; lastKnownFileType = sourcecode.c.objc; name = "UIViewController+Tracking.m"; path = "UI部分/UIViewController+Tracking.m"; sourceTree = "<group>"; };
		B47B660820032B4400E81BCB /* CardTableViewCell.h */ = {isa = PBXFileReference; lastKnownFileType = sourcecode.c.h; path = CardTableViewCell.h; sourceTree = "<group>"; };
		B47B660920032B4400E81BCB /* CardTableViewCell.m */ = {isa = PBXFileReference; lastKnownFileType = sourcecode.c.objc; path = CardTableViewCell.m; sourceTree = "<group>"; };
		B47B660A20032B4400E81BCB /* CardTableViewCell.xib */ = {isa = PBXFileReference; lastKnownFileType = file.xib; path = CardTableViewCell.xib; sourceTree = "<group>"; };
		B48E0D1F20007E730085A2DD /* xdzc.app */ = {isa = PBXFileReference; explicitFileType = wrapper.application; includeInIndex = 0; path = xdzc.app; sourceTree = BUILT_PRODUCTS_DIR; };
		B48E0D2220007E730085A2DD /* AppDelegate.h */ = {isa = PBXFileReference; lastKnownFileType = sourcecode.c.h; path = AppDelegate.h; sourceTree = "<group>"; };
		B48E0D2320007E730085A2DD /* AppDelegate.m */ = {isa = PBXFileReference; lastKnownFileType = sourcecode.c.objc; path = AppDelegate.m; sourceTree = "<group>"; };
		B48E0D2520007E730085A2DD /* ViewController.h */ = {isa = PBXFileReference; lastKnownFileType = sourcecode.c.h; path = ViewController.h; sourceTree = "<group>"; };
		B48E0D2620007E730085A2DD /* ViewController.m */ = {isa = PBXFileReference; lastKnownFileType = sourcecode.c.objc; path = ViewController.m; sourceTree = "<group>"; };
		B48E0D2920007E730085A2DD /* Base */ = {isa = PBXFileReference; lastKnownFileType = file.storyboard; name = Base; path = Base.lproj/Main.storyboard; sourceTree = "<group>"; };
		B48E0D2B20007E730085A2DD /* Assets.xcassets */ = {isa = PBXFileReference; lastKnownFileType = folder.assetcatalog; path = Assets.xcassets; sourceTree = "<group>"; };
		B48E0D2E20007E730085A2DD /* Base */ = {isa = PBXFileReference; lastKnownFileType = file.storyboard; name = Base; path = Base.lproj/LaunchScreen.storyboard; sourceTree = "<group>"; };
		B48E0D3020007E730085A2DD /* Info.plist */ = {isa = PBXFileReference; lastKnownFileType = text.plist.xml; path = Info.plist; sourceTree = "<group>"; };
		B48E0D3120007E730085A2DD /* main.m */ = {isa = PBXFileReference; lastKnownFileType = sourcecode.c.objc; path = main.m; sourceTree = "<group>"; };
		B48E0D3820007F240085A2DD /* ProjectDetailsView.h */ = {isa = PBXFileReference; lastKnownFileType = sourcecode.c.h; path = ProjectDetailsView.h; sourceTree = "<group>"; };
		B48E0D3920007F240085A2DD /* ProjectDetailsView.m */ = {isa = PBXFileReference; lastKnownFileType = sourcecode.c.objc; path = ProjectDetailsView.m; sourceTree = "<group>"; };
		B48E0D3B20007FA70085A2DD /* ProjectDetailsView.xib */ = {isa = PBXFileReference; lastKnownFileType = file.xib; path = ProjectDetailsView.xib; sourceTree = "<group>"; };
		B4DB5752201048C400196F6E /* MobileCoreServices.framework */ = {isa = PBXFileReference; lastKnownFileType = wrapper.framework; name = MobileCoreServices.framework; path = System/Library/Frameworks/MobileCoreServices.framework; sourceTree = SDKROOT; };
		B4DB57542010498500196F6E /* SystemConfiguration.framework */ = {isa = PBXFileReference; lastKnownFileType = wrapper.framework; name = SystemConfiguration.framework; path = System/Library/Frameworks/SystemConfiguration.framework; sourceTree = SDKROOT; };
		B4DB5757201080A100196F6E /* ActivityWebView.h */ = {isa = PBXFileReference; lastKnownFileType = sourcecode.c.h; path = ActivityWebView.h; sourceTree = "<group>"; };
		B4DB5758201080A100196F6E /* ActivityWebView.m */ = {isa = PBXFileReference; lastKnownFileType = sourcecode.c.objc; path = ActivityWebView.m; sourceTree = "<group>"; };
		E606E74A669E169E7B17BBC4 /* libPods-xdzc.a */ = {isa = PBXFileReference; explicitFileType = archive.ar; includeInIndex = 0; path = "libPods-xdzc.a"; sourceTree = BUILT_PRODUCTS_DIR; };
/* End PBXFileReference section */

/* Begin PBXFrameworksBuildPhase section */
		B48E0D1C20007E730085A2DD /* Frameworks */ = {
			isa = PBXFrameworksBuildPhase;
			buildActionMask = 2147483647;
			files = (
				B4DB57552010498500196F6E /* SystemConfiguration.framework in Frameworks */,
				B4DB5753201048C400196F6E /* MobileCoreServices.framework in Frameworks */,
				9F031D94879D41BD3E0CD156 /* libPods-xdzc.a in Frameworks */,
			);
			runOnlyForDeploymentPostprocessing = 0;
		};
/* End PBXFrameworksBuildPhase section */

/* Begin PBXGroup section */
		4ABC39D9238CED5DF02FE0D7 /* Pods */ = {
			isa = PBXGroup;
			children = (
				319EBD93DD73B93F7BC73845 /* Pods-xdzc.debug.xcconfig */,
				153A92FE28FD1EA020AA1FD3 /* Pods-xdzc.release.xcconfig */,
			);
			name = Pods;
			sourceTree = "<group>";
		};
		B25FFF4E2075EFD30010B4CD /* OC语言基础 */ = {
			isa = PBXGroup;
			children = (
				B25FFFD32075F0010010B4CD /* 1-属性 */,
				B25FFFE22075F0010010B4CD /* 15-内存管理 */,
				B25FFFCE2075F0000010B4CD /* 20-Runtime */,
				B25FFFD62075F0010010B4CD /* 30-service */,
			);
			path = "OC语言基础";
			sourceTree = "<group>";
		};
		B25FFF662075EFD30010B4CD /* UI部分 */ = {
			isa = PBXGroup;
			children = (
				B25FFF672075EFD30010B4CD /* 1-基础控件上 */,
				B25FFF702075EFD30010B4CD /* 数据库 Sqlite */,
				B25FFF732075EFD30010B4CD /* 3-基础控件下 */,
				B25FFF7A2075EFD30010B4CD /* 解析JSON 和  XML */,
				B25FFF7D2075EFD30010B4CD /* 6-视图布局上 */,
				B25FFF822075EFD30010B4CD /* 网络编程 */,
				B25FFF872075EFD30010B4CD /* 多媒体基础 */,
				B25FFF8A2075EFD30010B4CD /* 照片墙 */,
				B25FFF8B2075EFD30010B4CD /* 7-视图布局中 */,
				B25FFF8F2075EFD30010B4CD /* 8-视图布局下-手势 */,
				B25FFF922075EFD30010B4CD /* 表视图图UITableView */,
				B25FFF952075EFD30010B4CD /* 导航和分栏控制器 */,
				B25FFF982075EFD30010B4CD /* 2-基础控件中 */,
				B25FFF9F2075EFD30010B4CD /* 布局子视图 */,
				B25FFFA72075EFD30010B4CD /* 动画 */,
			);
			path = "UI部分";
			sourceTree = "<group>";
		};
		B25FFF672075EFD30010B4CD /* 1-基础控件上 */ = {
			isa = PBXGroup;
			children = (
				B25FFF682075EFD30010B4CD /* UILabelController.m */,
				B25FFF692075EFD30010B4CD /* UIHierarchyController.m */,
				B25FFF6A2075EFD30010B4CD /* UIButtonEventController.h */,
				B25FFF6B2075EFD30010B4CD /* UIButtonController.h */,
				B25FFF6C2075EFD30010B4CD /* UILabelController.h */,
				B25FFF6D2075EFD30010B4CD /* UIHierarchyController.h */,
				B25FFF6E2075EFD30010B4CD /* UIButtonController.m */,
				B25FFF6F2075EFD30010B4CD /* UIButtonEventController.m */,
			);
			path = "1-基础控件上";
			sourceTree = "<group>";
		};
		B25FFF702075EFD30010B4CD /* 数据库 Sqlite */ = {
			isa = PBXGroup;
			children = (
				B25FFF712075EFD30010B4CD /* SqliteController.m */,
				B25FFF722075EFD30010B4CD /* SqliteController.h */,
			);
			path = "数据库 Sqlite";
			sourceTree = "<group>";
		};
		B25FFF732075EFD30010B4CD /* 3-基础控件下 */ = {
			isa = PBXGroup;
			children = (
				B25FFF742075EFD30010B4CD /* UITextFielController.h */,
				B25FFF752075EFD30010B4CD /* UISliderController.m */,
				B25FFF762075EFD30010B4CD /* UIAlertViewController.h */,
				B25FFF772075EFD30010B4CD /* UISliderController.h */,
				B25FFF782075EFD30010B4CD /* UITextFielController.m */,
				B25FFF792075EFD30010B4CD /* UIAlertViewController.m */,
			);
			path = "3-基础控件下";
			sourceTree = "<group>";
		};
		B25FFF7A2075EFD30010B4CD /* 解析JSON 和  XML */ = {
			isa = PBXGroup;
			children = (
				B25FFF7B2075EFD30010B4CD /* JSONXMLController.h */,
				B25FFF7C2075EFD30010B4CD /* JSONXMLController.m */,
			);
			path = "解析JSON 和  XML";
			sourceTree = "<group>";
		};
		B25FFF7D2075EFD30010B4CD /* 6-视图布局上 */ = {
			isa = PBXGroup;
			children = (
				B25FFF7E2075EFD30010B4CD /* UIScrollerViewController.h */,
				B25FFF7F2075EFD30010B4CD /* UITouchController.h */,
				B25FFF802075EFD30010B4CD /* UITouchController.m */,
				B25FFF812075EFD30010B4CD /* UIScrollerViewController.m */,
			);
			path = "6-视图布局上";
			sourceTree = "<group>";
		};
		B25FFF822075EFD30010B4CD /* 网络编程 */ = {
			isa = PBXGroup;
			children = (
				B25FFF832075EFD30010B4CD /* URLConnectsController.h */,
				B25FFF842075EFD30010B4CD /* MyWKWebController.h */,
				B25FFF852075EFD30010B4CD /* URLConnectsController.m */,
				B25FFF862075EFD30010B4CD /* MyWKWebController.m */,
			);
			path = "网络编程";
			sourceTree = "<group>";
		};
		B25FFF872075EFD30010B4CD /* 多媒体基础 */ = {
			isa = PBXGroup;
			children = (
				B25FFF882075EFD30010B4CD /* SDWebImageController.m */,
				B25FFF892075EFD30010B4CD /* SDWebImageController.h */,
			);
			path = "多媒体基础";
			sourceTree = "<group>";
		};
		B25FFF8A2075EFD30010B4CD /* 照片墙 */ = {
			isa = PBXGroup;
			children = (
			);
			path = "照片墙";
			sourceTree = "<group>";
		};
		B25FFF8B2075EFD30010B4CD /* 7-视图布局中 */ = {
			isa = PBXGroup;
			children = (
				B25FFF8C2075EFD30010B4CD /* XIBViewController.m */,
				B25FFF8D2075EFD30010B4CD /* XIBViewController.xib */,
				B25FFF8E2075EFD30010B4CD /* XIBViewController.h */,
			);
			path = "7-视图布局中";
			sourceTree = "<group>";
		};
		B25FFF8F2075EFD30010B4CD /* 8-视图布局下-手势 */ = {
			isa = PBXGroup;
			children = (
				B25FFF902075EFD30010B4CD /* UIGestureController.h */,
				B25FFF912075EFD30010B4CD /* UIGestureController.m */,
			);
			path = "8-视图布局下-手势";
			sourceTree = "<group>";
		};
		B25FFF922075EFD30010B4CD /* 表视图图UITableView */ = {
			isa = PBXGroup;
			children = (
				B25FFF932075EFD30010B4CD /* MYTableViewController.h */,
				B25FFF942075EFD30010B4CD /* MYTableViewController.m */,
			);
			path = "表视图图UITableView";
			sourceTree = "<group>";
		};
		B25FFF952075EFD30010B4CD /* 导航和分栏控制器 */ = {
			isa = PBXGroup;
			children = (
				B25FFF962075EFD30010B4CD /* UINavgationController.m */,
				B25FFF972075EFD30010B4CD /* UINavgationController.h */,
			);
			path = "导航和分栏控制器";
			sourceTree = "<group>";
		};
		B25FFF982075EFD30010B4CD /* 2-基础控件中 */ = {
			isa = PBXGroup;
			children = (
				B25FFF992075EFD30010B4CD /* UISwitchController.h */,
				B25FFF9A2075EFD30010B4CD /* UIWindowController.h */,
				B25FFF9B2075EFD30010B4CD /* TimerViewController.m */,
				B25FFF9C2075EFD30010B4CD /* UIWindowController.m */,
				B25FFF9D2075EFD30010B4CD /* UISwitchController.m */,
				B25FFF9E2075EFD30010B4CD /* TimerViewController.h */,
			);
			path = "2-基础控件中";
			sourceTree = "<group>";
		};
		B25FFF9F2075EFD30010B4CD /* 布局子视图 */ = {
			isa = PBXGroup;
			children = (
				B25FFFA02075EFD30010B4CD /* AutoLayoutViewController.h */,
				B25FFFA12075EFD30010B4CD /* ManualLayoutController.h */,
				B25FFFA22075EFD30010B4CD /* RespondersController.h */,
				B25FFFA32075EFD30010B4CD /* AutoLayoutViewController.xib */,
				B25FFFA42075EFD30010B4CD /* ManualLayoutController.m */,
				B25FFFA52075EFD30010B4CD /* AutoLayoutViewController.m */,
				B25FFFA62075EFD30010B4CD /* RespondersController.m */,
			);
			path = "布局子视图";
			sourceTree = "<group>";
		};
		B25FFFA72075EFD30010B4CD /* 动画 */ = {
			isa = PBXGroup;
			children = (
				B25FFFA82075EFD30010B4CD /* AnimationController.m */,
				B25FFFA92075EFD30010B4CD /* AnimationController.h */,
			);
			path = "动画";
			sourceTree = "<group>";
		};
		B25FFFCE2075F0000010B4CD /* 20-Runtime */ = {
			isa = PBXGroup;
			children = (
				B25FFFCF2075F0010010B4CD /* UIView+gesture.h */,
				B25FFFD12075F0010010B4CD /* UIView+gesture.m */,
				B25FFFD02075F0010010B4CD /* MyClass.h */,
				B25FFFD22075F0010010B4CD /* MyClass.m */,
				B2F3F473207B3AB200E4AFAF /* SUTRuntimeMethod.h */,
				B2F3F474207B3AB200E4AFAF /* SUTRuntimeMethod.m */,
				B2F3F470207B3AA000E4AFAF /* SUTRuntimeMethodHelper.h */,
				B2F3F471207B3AA000E4AFAF /* SUTRuntimeMethodHelper.m */,
			);
			path = "20-Runtime";
			sourceTree = "<group>";
		};
		B25FFFD32075F0010010B4CD /* 1-属性 */ = {
			isa = PBXGroup;
			children = (
				B25FFFD42075F0010010B4CD /* CopyProperty.m */,
				B25FFFD52075F0010010B4CD /* CopyProperty.h */,
			);
			path = "1-属性";
			sourceTree = "<group>";
		};
		B25FFFD62075F0010010B4CD /* 30-service */ = {
			isa = PBXGroup;
			children = (
				B25FFFD72075F0010010B4CD /* NSString+Helper.m */,
				B25FFFD82075F0010010B4CD /* base64.h */,
				B25FFFD92075F0010010B4CD /* Service.h */,
				B25FFFDA2075F0010010B4CD /* GTMBase64.h */,
				B25FFFDB2075F0010010B4CD /* UserModel.m */,
				B25FFFDC2075F0010010B4CD /* NSString+Helper.h */,
				B25FFFDD2075F0010010B4CD /* Service.m */,
				B25FFFDE2075F0010010B4CD /* base64.m */,
				B25FFFDF2075F0010010B4CD /* GTMDefines.h */,
				B25FFFE02075F0010010B4CD /* GTMBase64.m */,
				B25FFFE12075F0010010B4CD /* UserModel.h */,
			);
			path = "30-service";
			sourceTree = "<group>";
		};
		B25FFFE22075F0010010B4CD /* 15-内存管理 */ = {
			isa = PBXGroup;
			children = (
				B25FFFE32075F0010010B4CD /* LYAutoreleasepool.h */,
				B25FFFE42075F0010010B4CD /* LYAutoreleasepool.m */,
			);
			path = "15-内存管理";
			sourceTree = "<group>";
		};
		B48E0D1620007E730085A2DD = {
			isa = PBXGroup;
			children = (
				B48E0D2120007E730085A2DD /* xdzc */,
				B48E0D2020007E730085A2DD /* Products */,
				B4DB5751201048C400196F6E /* Frameworks */,
				4ABC39D9238CED5DF02FE0D7 /* Pods */,
			);
			sourceTree = "<group>";
		};
		B48E0D2020007E730085A2DD /* Products */ = {
			isa = PBXGroup;
			children = (
				B48E0D1F20007E730085A2DD /* xdzc.app */,
			);
			name = Products;
			sourceTree = "<group>";
		};
		B48E0D2120007E730085A2DD /* xdzc */ = {
			isa = PBXGroup;
			children = (
				B25FFF4E2075EFD30010B4CD /* OC语言基础 */,
				B25FFF662075EFD30010B4CD /* UI部分 */,
				B48E0D2220007E730085A2DD /* AppDelegate.h */,
				B48E0D2320007E730085A2DD /* AppDelegate.m */,
				B48E0D2520007E730085A2DD /* ViewController.h */,
				B48E0D2620007E730085A2DD /* ViewController.m */,
				B2F3F476207C662600E4AFAF /* UIViewController+Tracking.h */,
				B2F3F477207C662600E4AFAF /* UIViewController+Tracking.m */,
				B4DB5757201080A100196F6E /* ActivityWebView.h */,
				B4DB5758201080A100196F6E /* ActivityWebView.m */,
				B47B660820032B4400E81BCB /* CardTableViewCell.h */,
				B47B660920032B4400E81BCB /* CardTableViewCell.m */,
				B47B660A20032B4400E81BCB /* CardTableViewCell.xib */,
				B48E0D3820007F240085A2DD /* ProjectDetailsView.h */,
				B48E0D3920007F240085A2DD /* ProjectDetailsView.m */,
				B48E0D3B20007FA70085A2DD /* ProjectDetailsView.xib */,
				B48E0D2820007E730085A2DD /* Main.storyboard */,
				B2900E33206A293800953737 /* LYCatViewController.h */,
				B2900E34206A293800953737 /* LYCatViewController.m */,
				B48E0D2B20007E730085A2DD /* Assets.xcassets */,
				B48E0D2D20007E730085A2DD /* LaunchScreen.storyboard */,
				B48E0D3020007E730085A2DD /* Info.plist */,
				B48E0D3120007E730085A2DD /* main.m */,
			);
			path = xdzc;
			sourceTree = "<group>";
		};
		B4DB5751201048C400196F6E /* Frameworks */ = {
			isa = PBXGroup;
			children = (
				B4DB57542010498500196F6E /* SystemConfiguration.framework */,
				B4DB5752201048C400196F6E /* MobileCoreServices.framework */,
				E606E74A669E169E7B17BBC4 /* libPods-xdzc.a */,
			);
			name = Frameworks;
			sourceTree = "<group>";
		};
/* End PBXGroup section */

/* Begin PBXNativeTarget section */
		B48E0D1E20007E730085A2DD /* xdzc */ = {
			isa = PBXNativeTarget;
			buildConfigurationList = B48E0D3520007E730085A2DD /* Build configuration list for PBXNativeTarget "xdzc" */;
			buildPhases = (
				88D61BCF0C4322C7E6D5F070 /* [CP] Check Pods Manifest.lock */,
				B48E0D1B20007E730085A2DD /* Sources */,
				B48E0D1C20007E730085A2DD /* Frameworks */,
				B48E0D1D20007E730085A2DD /* Resources */,
				B0135B7A6A1AC50BA4074368 /* [CP] Embed Pods Frameworks */,
				693E0B50D0F4E9E0D6986C65 /* [CP] Copy Pods Resources */,
			);
			buildRules = (
			);
			dependencies = (
			);
			name = xdzc;
			productName = xdzc;
			productReference = B48E0D1F20007E730085A2DD /* xdzc.app */;
			productType = "com.apple.product-type.application";
		};
/* End PBXNativeTarget section */

/* Begin PBXProject section */
		B48E0D1720007E730085A2DD /* Project object */ = {
			isa = PBXProject;
			attributes = {
				LastUpgradeCheck = 0920;
				ORGANIZATIONNAME = "现代众车在线";
				TargetAttributes = {
					B48E0D1E20007E730085A2DD = {
						CreatedOnToolsVersion = 9.2;
						ProvisioningStyle = Automatic;
					};
				};
			};
			buildConfigurationList = B48E0D1A20007E730085A2DD /* Build configuration list for PBXProject "xdzc" */;
			compatibilityVersion = "Xcode 8.0";
			developmentRegion = en;
			hasScannedForEncodings = 0;
			knownRegions = (
				en,
				Base,
			);
			mainGroup = B48E0D1620007E730085A2DD;
			productRefGroup = B48E0D2020007E730085A2DD /* Products */;
			projectDirPath = "";
			projectRoot = "";
			targets = (
				B48E0D1E20007E730085A2DD /* xdzc */,
			);
		};
/* End PBXProject section */

/* Begin PBXResourcesBuildPhase section */
		B48E0D1D20007E730085A2DD /* Resources */ = {
			isa = PBXResourcesBuildPhase;
			buildActionMask = 2147483647;
			files = (
				B48E0D2F20007E730085A2DD /* LaunchScreen.storyboard in Resources */,
				B48E0D2C20007E730085A2DD /* Assets.xcassets in Resources */,
				B25FFFC22075EFD40010B4CD /* XIBViewController.xib in Resources */,
				B47B660C20032B4400E81BCB /* CardTableViewCell.xib in Resources */,
				B25FFFC92075EFD40010B4CD /* AutoLayoutViewController.xib in Resources */,
				B48E0D2A20007E730085A2DD /* Main.storyboard in Resources */,
				B48E0D3C20007FA70085A2DD /* ProjectDetailsView.xib in Resources */,
			);
			runOnlyForDeploymentPostprocessing = 0;
		};
/* End PBXResourcesBuildPhase section */

/* Begin PBXShellScriptBuildPhase section */
		693E0B50D0F4E9E0D6986C65 /* [CP] Copy Pods Resources */ = {
			isa = PBXShellScriptBuildPhase;
			buildActionMask = 2147483647;
			files = (
			);
			inputPaths = (
			);
			name = "[CP] Copy Pods Resources";
			outputPaths = (
			);
			runOnlyForDeploymentPostprocessing = 0;
			shellPath = /bin/sh;
			shellScript = "\"${SRCROOT}/Pods/Target Support Files/Pods-xdzc/Pods-xdzc-resources.sh\"\n";
			showEnvVarsInLog = 0;
		};
		88D61BCF0C4322C7E6D5F070 /* [CP] Check Pods Manifest.lock */ = {
			isa = PBXShellScriptBuildPhase;
			buildActionMask = 2147483647;
			files = (
			);
			inputPaths = (
				"${PODS_PODFILE_DIR_PATH}/Podfile.lock",
				"${PODS_ROOT}/Manifest.lock",
			);
			name = "[CP] Check Pods Manifest.lock";
			outputPaths = (
				"$(DERIVED_FILE_DIR)/Pods-xdzc-checkManifestLockResult.txt",
			);
			runOnlyForDeploymentPostprocessing = 0;
			shellPath = /bin/sh;
			shellScript = "diff \"${PODS_PODFILE_DIR_PATH}/Podfile.lock\" \"${PODS_ROOT}/Manifest.lock\" > /dev/null\nif [ $? != 0 ] ; then\n    # print error to STDERR\n    echo \"error: The sandbox is not in sync with the Podfile.lock. Run 'pod install' or update your CocoaPods installation.\" >&2\n    exit 1\nfi\n# This output is used by Xcode 'outputs' to avoid re-running this script phase.\necho \"SUCCESS\" > \"${SCRIPT_OUTPUT_FILE_0}\"\n";
			showEnvVarsInLog = 0;
		};
		B0135B7A6A1AC50BA4074368 /* [CP] Embed Pods Frameworks */ = {
			isa = PBXShellScriptBuildPhase;
			buildActionMask = 2147483647;
			files = (
			);
			inputPaths = (
			);
			name = "[CP] Embed Pods Frameworks";
			outputPaths = (
			);
			runOnlyForDeploymentPostprocessing = 0;
			shellPath = /bin/sh;
			shellScript = "\"${SRCROOT}/Pods/Target Support Files/Pods-xdzc/Pods-xdzc-frameworks.sh\"\n";
			showEnvVarsInLog = 0;
		};
/* End PBXShellScriptBuildPhase section */

/* Begin PBXSourcesBuildPhase section */
		B48E0D1B20007E730085A2DD /* Sources */ = {
			isa = PBXSourcesBuildPhase;
			buildActionMask = 2147483647;
			files = (
				B25FFFB82075EFD40010B4CD /* UISliderController.m in Sources */,
				B25FFFE72075F0010010B4CD /* CopyProperty.m in Sources */,
				B25FFFED2075F0010010B4CD /* LYAutoreleasepool.m in Sources */,
				B25FFFC62075EFD40010B4CD /* TimerViewController.m in Sources */,
				B2F3F475207B3AB200E4AFAF /* SUTRuntimeMethod.m in Sources */,
				B25FFFCB2075EFD40010B4CD /* AutoLayoutViewController.m in Sources */,
				B4DB5759201080A100196F6E /* ActivityWebView.m in Sources */,
				B25FFFB72075EFD40010B4CD /* SqliteController.m in Sources */,
				B25FFFEB2075F0010010B4CD /* base64.m in Sources */,
				B25FFFC72075EFD40010B4CD /* UIWindowController.m in Sources */,
				B48E0D2720007E730085A2DD /* ViewController.m in Sources */,
				B48E0D3220007E730085A2DD /* main.m in Sources */,
				B47B660B20032B4400E81BCB /* CardTableViewCell.m in Sources */,
				B25FFFC02075EFD40010B4CD /* SDWebImageController.m in Sources */,
				B25FFFE82075F0010010B4CD /* NSString+Helper.m in Sources */,
				B25FFFB42075EFD40010B4CD /* UIHierarchyController.m in Sources */,
				B25FFFC82075EFD40010B4CD /* UISwitchController.m in Sources */,
				B25FFFCD2075EFD40010B4CD /* AnimationController.m in Sources */,
				B25FFFBE2075EFD40010B4CD /* URLConnectsController.m in Sources */,
				B25FFFB62075EFD40010B4CD /* UIButtonEventController.m in Sources */,
				B25FFFB32075EFD40010B4CD /* UILabelController.m in Sources */,
				B25FFFB52075EFD40010B4CD /* UIButtonController.m in Sources */,
				B48E0D2420007E730085A2DD /* AppDelegate.m in Sources */,
				B25FFFBB2075EFD40010B4CD /* JSONXMLController.m in Sources */,
				B25FFFC32075EFD40010B4CD /* UIGestureController.m in Sources */,
				B25FFFCA2075EFD40010B4CD /* ManualLayoutController.m in Sources */,
				B25FFFC12075EFD40010B4CD /* XIBViewController.m in Sources */,
				B25FFFC42075EFD40010B4CD /* MYTableViewController.m in Sources */,
				B25FFFBA2075EFD40010B4CD /* UIAlertViewController.m in Sources */,
				B25FFFEC2075F0010010B4CD /* GTMBase64.m in Sources */,
				B25FFFE92075F0010010B4CD /* UserModel.m in Sources */,
				B48E0D3A20007F240085A2DD /* ProjectDetailsView.m in Sources */,
				B25FFFBF2075EFD40010B4CD /* MyWKWebController.m in Sources */,
				B2900E35206A293800953737 /* LYCatViewController.m in Sources */,
				B25FFFC52075EFD40010B4CD /* UINavgationController.m in Sources */,
				B2F3F472207B3AA000E4AFAF /* SUTRuntimeMethodHelper.m in Sources */,
				B25FFFE52075F0010010B4CD /* UIView+gesture.m in Sources */,
				B2F3F478207C662600E4AFAF /* UIViewController+Tracking.m in Sources */,
				B25FFFCC2075EFD40010B4CD /* RespondersController.m in Sources */,
				B25FFFEA2075F0010010B4CD /* Service.m in Sources */,
				B25FFFE62075F0010010B4CD /* MyClass.m in Sources */,
				B25FFFBD2075EFD40010B4CD /* UIScrollerViewController.m in Sources */,
				B25FFFBC2075EFD40010B4CD /* UITouchController.m in Sources */,
				B25FFFB92075EFD40010B4CD /* UITextFielController.m in Sources */,
			);
			runOnlyForDeploymentPostprocessing = 0;
		};
/* End PBXSourcesBuildPhase section */

/* Begin PBXVariantGroup section */
		B48E0D2820007E730085A2DD /* Main.storyboard */ = {
			isa = PBXVariantGroup;
			children = (
				B48E0D2920007E730085A2DD /* Base */,
			);
			name = Main.storyboard;
			sourceTree = "<group>";
		};
		B48E0D2D20007E730085A2DD /* LaunchScreen.storyboard */ = {
			isa = PBXVariantGroup;
			children = (
				B48E0D2E20007E730085A2DD /* Base */,
			);
			name = LaunchScreen.storyboard;
			sourceTree = "<group>";
		};
/* End PBXVariantGroup section */

/* Begin XCBuildConfiguration section */
		B48E0D3320007E730085A2DD /* Debug */ = {
			isa = XCBuildConfiguration;
			buildSettings = {
				ALWAYS_SEARCH_USER_PATHS = NO;
				CLANG_ANALYZER_NONNULL = YES;
				CLANG_ANALYZER_NUMBER_OBJECT_CONVERSION = YES_AGGRESSIVE;
				CLANG_CXX_LANGUAGE_STANDARD = "gnu++14";
				CLANG_CXX_LIBRARY = "libc++";
				CLANG_ENABLE_MODULES = YES;
				CLANG_ENABLE_OBJC_ARC = YES;
				CLANG_WARN_BLOCK_CAPTURE_AUTORELEASING = YES;
				CLANG_WARN_BOOL_CONVERSION = YES;
				CLANG_WARN_COMMA = YES;
				CLANG_WARN_CONSTANT_CONVERSION = YES;
				CLANG_WARN_DIRECT_OBJC_ISA_USAGE = YES_ERROR;
				CLANG_WARN_DOCUMENTATION_COMMENTS = YES;
				CLANG_WARN_EMPTY_BODY = YES;
				CLANG_WARN_ENUM_CONVERSION = YES;
				CLANG_WARN_INFINITE_RECURSION = YES;
				CLANG_WARN_INT_CONVERSION = YES;
				CLANG_WARN_NON_LITERAL_NULL_CONVERSION = YES;
				CLANG_WARN_OBJC_LITERAL_CONVERSION = YES;
				CLANG_WARN_OBJC_ROOT_CLASS = YES_ERROR;
				CLANG_WARN_RANGE_LOOP_ANALYSIS = YES;
				CLANG_WARN_STRICT_PROTOTYPES = YES;
				CLANG_WARN_SUSPICIOUS_MOVE = YES;
				CLANG_WARN_UNGUARDED_AVAILABILITY = YES_AGGRESSIVE;
				CLANG_WARN_UNREACHABLE_CODE = YES;
				CLANG_WARN__DUPLICATE_METHOD_MATCH = YES;
				CODE_SIGN_IDENTITY = "iPhone Developer";
				COPY_PHASE_STRIP = NO;
				DEBUG_INFORMATION_FORMAT = dwarf;
				ENABLE_STRICT_OBJC_MSGSEND = YES;
				ENABLE_TESTABILITY = YES;
				GCC_C_LANGUAGE_STANDARD = gnu11;
				GCC_DYNAMIC_NO_PIC = NO;
				GCC_NO_COMMON_BLOCKS = YES;
				GCC_OPTIMIZATION_LEVEL = 0;
				GCC_PREPROCESSOR_DEFINITIONS = (
					"DEBUG=1",
					"$(inherited)",
				);
				GCC_WARN_64_TO_32_BIT_CONVERSION = YES;
				GCC_WARN_ABOUT_RETURN_TYPE = YES_ERROR;
				GCC_WARN_UNDECLARED_SELECTOR = YES;
				GCC_WARN_UNINITIALIZED_AUTOS = YES_AGGRESSIVE;
				GCC_WARN_UNUSED_FUNCTION = YES;
				GCC_WARN_UNUSED_VARIABLE = YES;
				IPHONEOS_DEPLOYMENT_TARGET = 11.2;
				MTL_ENABLE_DEBUG_INFO = YES;
				ONLY_ACTIVE_ARCH = YES;
				SDKROOT = iphoneos;
			};
			name = Debug;
		};
		B48E0D3420007E730085A2DD /* Release */ = {
			isa = XCBuildConfiguration;
			buildSettings = {
				ALWAYS_SEARCH_USER_PATHS = NO;
				CLANG_ANALYZER_NONNULL = YES;
				CLANG_ANALYZER_NUMBER_OBJECT_CONVERSION = YES_AGGRESSIVE;
				CLANG_CXX_LANGUAGE_STANDARD = "gnu++14";
				CLANG_CXX_LIBRARY = "libc++";
				CLANG_ENABLE_MODULES = YES;
				CLANG_ENABLE_OBJC_ARC = YES;
				CLANG_WARN_BLOCK_CAPTURE_AUTORELEASING = YES;
				CLANG_WARN_BOOL_CONVERSION = YES;
				CLANG_WARN_COMMA = YES;
				CLANG_WARN_CONSTANT_CONVERSION = YES;
				CLANG_WARN_DIRECT_OBJC_ISA_USAGE = YES_ERROR;
				CLANG_WARN_DOCUMENTATION_COMMENTS = YES;
				CLANG_WARN_EMPTY_BODY = YES;
				CLANG_WARN_ENUM_CONVERSION = YES;
				CLANG_WARN_INFINITE_RECURSION = YES;
				CLANG_WARN_INT_CONVERSION = YES;
				CLANG_WARN_NON_LITERAL_NULL_CONVERSION = YES;
				CLANG_WARN_OBJC_LITERAL_CONVERSION = YES;
				CLANG_WARN_OBJC_ROOT_CLASS = YES_ERROR;
				CLANG_WARN_RANGE_LOOP_ANALYSIS = YES;
				CLANG_WARN_STRICT_PROTOTYPES = YES;
				CLANG_WARN_SUSPICIOUS_MOVE = YES;
				CLANG_WARN_UNGUARDED_AVAILABILITY = YES_AGGRESSIVE;
				CLANG_WARN_UNREACHABLE_CODE = YES;
				CLANG_WARN__DUPLICATE_METHOD_MATCH = YES;
				CODE_SIGN_IDENTITY = "iPhone Developer";
				COPY_PHASE_STRIP = NO;
				DEBUG_INFORMATION_FORMAT = "dwarf-with-dsym";
				ENABLE_NS_ASSERTIONS = NO;
				ENABLE_STRICT_OBJC_MSGSEND = YES;
				GCC_C_LANGUAGE_STANDARD = gnu11;
				GCC_NO_COMMON_BLOCKS = YES;
				GCC_WARN_64_TO_32_BIT_CONVERSION = YES;
				GCC_WARN_ABOUT_RETURN_TYPE = YES_ERROR;
				GCC_WARN_UNDECLARED_SELECTOR = YES;
				GCC_WARN_UNINITIALIZED_AUTOS = YES_AGGRESSIVE;
				GCC_WARN_UNUSED_FUNCTION = YES;
				GCC_WARN_UNUSED_VARIABLE = YES;
				IPHONEOS_DEPLOYMENT_TARGET = 11.2;
				MTL_ENABLE_DEBUG_INFO = NO;
				SDKROOT = iphoneos;
				VALIDATE_PRODUCT = YES;
			};
			name = Release;
		};
		B48E0D3620007E730085A2DD /* Debug */ = {
			isa = XCBuildConfiguration;
			baseConfigurationReference = 319EBD93DD73B93F7BC73845 /* Pods-xdzc.debug.xcconfig */;
			buildSettings = {
				ASSETCATALOG_COMPILER_APPICON_NAME = AppIcon;
				CODE_SIGN_STYLE = Automatic;
				DEVELOPMENT_TEAM = JMDM4A5BG3;
				INFOPLIST_FILE = xdzc/Info.plist;
				IPHONEOS_DEPLOYMENT_TARGET = 10.0;
				LD_RUNPATH_SEARCH_PATHS = "$(inherited) @executable_path/Frameworks";
				PRODUCT_BUNDLE_IDENTIFIER = com.linyi.www;
				PRODUCT_NAME = "$(TARGET_NAME)";
				TARGETED_DEVICE_FAMILY = 1;
			};
			name = Debug;
		};
		B48E0D3720007E730085A2DD /* Release */ = {
			isa = XCBuildConfiguration;
			baseConfigurationReference = 153A92FE28FD1EA020AA1FD3 /* Pods-xdzc.release.xcconfig */;
			buildSettings = {
				ASSETCATALOG_COMPILER_APPICON_NAME = AppIcon;
				CODE_SIGN_STYLE = Automatic;
				DEVELOPMENT_TEAM = JMDM4A5BG3;
				INFOPLIST_FILE = xdzc/Info.plist;
				IPHONEOS_DEPLOYMENT_TARGET = 10.0;
				LD_RUNPATH_SEARCH_PATHS = "$(inherited) @executable_path/Frameworks";
				PRODUCT_BUNDLE_IDENTIFIER = com.linyi.www;
				PRODUCT_NAME = "$(TARGET_NAME)";
				TARGETED_DEVICE_FAMILY = 1;
			};
			name = Release;
		};
/* End XCBuildConfiguration section */

/* Begin XCConfigurationList section */
		B48E0D1A20007E730085A2DD /* Build configuration list for PBXProject "xdzc" */ = {
			isa = XCConfigurationList;
			buildConfigurations = (
				B48E0D3320007E730085A2DD /* Debug */,
				B48E0D3420007E730085A2DD /* Release */,
			);
			defaultConfigurationIsVisible = 0;
			defaultConfigurationName = Release;
		};
		B48E0D3520007E730085A2DD /* Build configuration list for PBXNativeTarget "xdzc" */ = {
			isa = XCConfigurationList;
			buildConfigurations = (
				B48E0D3620007E730085A2DD /* Debug */,
				B48E0D3720007E730085A2DD /* Release */,
			);
			defaultConfigurationIsVisible = 0;
			defaultConfigurationName = Release;
		};
/* End XCConfigurationList section */
	};
	rootObject = B48E0D1720007E730085A2DD /* Project object */;
}
