// !$*UTF8*$!
{
	archiveVersion = 1;
	classes = {
	};
	objectVersion = 48;
	objects = {

/* Begin PBXBuildFile section */
		9F031D94879D41BD3E0CD156 /* libPods-xdzc.a in Frameworks */ = {isa = PBXBuildFile; fileRef = E606E74A669E169E7B17BBC4 /* libPods-xdzc.a */; };
		B25FFFE52075F0010010B4CD /* UIView+gesture.m in Sources */ = {isa = PBXBuildFile; fileRef = B25FFFD12075F0010010B4CD /* UIView+gesture.m */; };
		B25FFFE62075F0010010B4CD /* MyClass.m in Sources */ = {isa = PBXBuildFile; fileRef = B25FFFD22075F0010010B4CD /* MyClass.m */; };
		B25FFFE72075F0010010B4CD /* CopyProperty.m in Sources */ = {isa = PBXBuildFile; fileRef = B25FFFD42075F0010010B4CD /* CopyProperty.m */; };
		B25FFFE82075F0010010B4CD /* NSString+Helper.m in Sources */ = {isa = PBXBuildFile; fileRef = B25FFFD72075F0010010B4CD /* NSString+Helper.m */; };
		B25FFFE92075F0010010B4CD /* UserModel.m in Sources */ = {isa = PBXBuildFile; fileRef = B25FFFDB2075F0010010B4CD /* UserModel.m */; };
		B25FFFEA2075F0010010B4CD /* Service.m in Sources */ = {isa = PBXBuildFile; fileRef = B25FFFDD2075F0010010B4CD /* Service.m */; };
		B25FFFEB2075F0010010B4CD /* base64.m in Sources */ = {isa = PBXBuildFile; fileRef = B25FFFDE2075F0010010B4CD /* base64.m */; };
		B25FFFEC2075F0010010B4CD /* GTMBase64.m in Sources */ = {isa = PBXBuildFile; fileRef = B25FFFE02075F0010010B4CD /* GTMBase64.m */; };
		B25FFFED2075F0010010B4CD /* LYAutoreleasepool.m in Sources */ = {isa = PBXBuildFile; fileRef = B25FFFE42075F0010010B4CD /* LYAutoreleasepool.m */; };
		B2900E35206A293800953737 /* LYCatViewController.m in Sources */ = {isa = PBXBuildFile; fileRef = B2900E34206A293800953737 /* LYCatViewController.m */; };
		B2DB9EAA2085CE5F00DFE21B /* UITouchController.m in Sources */ = {isa = PBXBuildFile; fileRef = B2DB9E6B2085CE5E00DFE21B /* UITouchController.m */; };
		B2DB9EAB2085CE5F00DFE21B /* UIScrollerViewController.m in Sources */ = {isa = PBXBuildFile; fileRef = B2DB9E6C2085CE5E00DFE21B /* UIScrollerViewController.m */; };
		B2DB9EAC2085CE5F00DFE21B /* UINavgationController.m in Sources */ = {isa = PBXBuildFile; fileRef = B2DB9E6E2085CE5E00DFE21B /* UINavgationController.m */; };
		B2DB9EAD2085CE5F00DFE21B /* AnimationController.m in Sources */ = {isa = PBXBuildFile; fileRef = B2DB9E712085CE5E00DFE21B /* AnimationController.m */; };
		B2DB9EAE2085CE5F00DFE21B /* XIBViewController.m in Sources */ = {isa = PBXBuildFile; fileRef = B2DB9E742085CE5E00DFE21B /* XIBViewController.m */; };
		B2DB9EAF2085CE5F00DFE21B /* XIBViewController.xib in Resources */ = {isa = PBXBuildFile; fileRef = B2DB9E752085CE5E00DFE21B /* XIBViewController.xib */; };
		B2DB9EB02085CE5F00DFE21B /* MYTableViewController.m in Sources */ = {isa = PBXBuildFile; fileRef = B2DB9E792085CE5E00DFE21B /* MYTableViewController.m */; };
		B2DB9EB12085CE5F00DFE21B /* URLConnectsController.m in Sources */ = {isa = PBXBuildFile; fileRef = B2DB9E7D2085CE5E00DFE21B /* URLConnectsController.m */; };
		B2DB9EB22085CE5F00DFE21B /* MyWKWebController.m in Sources */ = {isa = PBXBuildFile; fileRef = B2DB9E7E2085CE5E00DFE21B /* MyWKWebController.m */; };
		B2DB9EB32085CE5F00DFE21B /* SqliteController.m in Sources */ = {isa = PBXBuildFile; fileRef = B2DB9E802085CE5E00DFE21B /* SqliteController.m */; };
		B2DB9EB42085CE5F00DFE21B /* JSONXMLController.m in Sources */ = {isa = PBXBuildFile; fileRef = B2DB9E842085CE5E00DFE21B /* JSONXMLController.m */; };
		B2DB9EB52085CE5F00DFE21B /* TimerViewController.m in Sources */ = {isa = PBXBuildFile; fileRef = B2DB9E882085CE5E00DFE21B /* TimerViewController.m */; };
		B2DB9EB62085CE5F00DFE21B /* UIWindowController.m in Sources */ = {isa = PBXBuildFile; fileRef = B2DB9E892085CE5E00DFE21B /* UIWindowController.m */; };
		B2DB9EB72085CE5F00DFE21B /* UISwitchController.m in Sources */ = {isa = PBXBuildFile; fileRef = B2DB9E8A2085CE5E00DFE21B /* UISwitchController.m */; };
		B2DB9EB82085CE5F00DFE21B /* UIGestureController.m in Sources */ = {isa = PBXBuildFile; fileRef = B2DB9E8E2085CE5E00DFE21B /* UIGestureController.m */; };
		B2DB9EB92085CE5F00DFE21B /* UILabelController.m in Sources */ = {isa = PBXBuildFile; fileRef = B2DB9E902085CE5E00DFE21B /* UILabelController.m */; };
		B2DB9EBA2085CE5F00DFE21B /* UIHierarchyController.m in Sources */ = {isa = PBXBuildFile; fileRef = B2DB9E912085CE5E00DFE21B /* UIHierarchyController.m */; };
		B2DB9EBB2085CE5F00DFE21B /* UIButtonController.m in Sources */ = {isa = PBXBuildFile; fileRef = B2DB9E962085CE5E00DFE21B /* UIButtonController.m */; };
		B2DB9EBC2085CE5F00DFE21B /* UIButtonEventController.m in Sources */ = {isa = PBXBuildFile; fileRef = B2DB9E972085CE5E00DFE21B /* UIButtonEventController.m */; };
		B2DB9EBD2085CE5F00DFE21B /* SDWebImageController.m in Sources */ = {isa = PBXBuildFile; fileRef = B2DB9E992085CE5F00DFE21B /* SDWebImageController.m */; };
		B2DB9EBE2085CE5F00DFE21B /* AutoLayoutViewController.xib in Resources */ = {isa = PBXBuildFile; fileRef = B2DB9E9F2085CE5F00DFE21B /* AutoLayoutViewController.xib */; };
		B2DB9EBF2085CE5F00DFE21B /* ManualLayoutController.m in Sources */ = {isa = PBXBuildFile; fileRef = B2DB9EA02085CE5F00DFE21B /* ManualLayoutController.m */; };
		B2DB9EC02085CE5F00DFE21B /* AutoLayoutViewController.m in Sources */ = {isa = PBXBuildFile; fileRef = B2DB9EA12085CE5F00DFE21B /* AutoLayoutViewController.m */; };
		B2DB9EC12085CE5F00DFE21B /* RespondersController.m in Sources */ = {isa = PBXBuildFile; fileRef = B2DB9EA22085CE5F00DFE21B /* RespondersController.m */; };
		B2DB9EC22085CE5F00DFE21B /* UISliderController.m in Sources */ = {isa = PBXBuildFile; fileRef = B2DB9EA52085CE5F00DFE21B /* UISliderController.m */; };
		B2DB9EC32085CE5F00DFE21B /* UITextFielController.m in Sources */ = {isa = PBXBuildFile; fileRef = B2DB9EA82085CE5F00DFE21B /* UITextFielController.m */; };
		B2DB9EC42085CE5F00DFE21B /* UIAlertViewController.m in Sources */ = {isa = PBXBuildFile; fileRef = B2DB9EA92085CE5F00DFE21B /* UIAlertViewController.m */; };
		B2DB9EC82085CEEE00DFE21B /* SocketSingleton.m in Sources */ = {isa = PBXBuildFile; fileRef = B2DB9EC72085CEEE00DFE21B /* SocketSingleton.m */; };
		B2F3F472207B3AA000E4AFAF /* SUTRuntimeMethodHelper.m in Sources */ = {isa = PBXBuildFile; fileRef = B2F3F471207B3AA000E4AFAF /* SUTRuntimeMethodHelper.m */; };
		B2F3F475207B3AB200E4AFAF /* SUTRuntimeMethod.m in Sources */ = {isa = PBXBuildFile; fileRef = B2F3F474207B3AB200E4AFAF /* SUTRuntimeMethod.m */; };
		B2F3F478207C662600E4AFAF /* UIViewController+Tracking.m in Sources */ = {isa = PBXBuildFile; fileRef = B2F3F477207C662600E4AFAF /* UIViewController+Tracking.m */; };
		B47B660B20032B4400E81BCB /* CardTableViewCell.m in Sources */ = {isa = PBXBuildFile; fileRef = B47B660920032B4400E81BCB /* CardTableViewCell.m */; };
		B47B660C20032B4400E81BCB /* CardTableViewCell.xib in Resources */ = {isa = PBXBuildFile; fileRef = B47B660A20032B4400E81BCB /* CardTableViewCell.xib */; };
		B48E0D2420007E730085A2DD /* AppDelegate.m in Sources */ = {isa = PBXBuildFile; fileRef = B48E0D2320007E730085A2DD /* AppDelegate.m */; };
		B48E0D2720007E730085A2DD /* ViewController.m in Sources */ = {isa = PBXBuildFile; fileRef = B48E0D2620007E730085A2DD /* ViewController.m */; };
		B48E0D2A20007E730085A2DD /* Main.storyboard in Resources */ = {isa = PBXBuildFile; fileRef = B48E0D2820007E730085A2DD /* Main.storyboard */; };
		B48E0D2C20007E730085A2DD /* Assets.xcassets in Resources */ = {isa = PBXBuildFile; fileRef = B48E0D2B20007E730085A2DD /* Assets.xcassets */; };
		B48E0D2F20007E730085A2DD /* LaunchScreen.storyboard in Resources */ = {isa = PBXBuildFile; fileRef = B48E0D2D20007E730085A2DD /* LaunchScreen.storyboard */; };
		B48E0D3220007E730085A2DD /* main.m in Sources */ = {isa = PBXBuildFile; fileRef = B48E0D3120007E730085A2DD /* main.m */; };
		B48E0D3A20007F240085A2DD /* ProjectDetailsView.m in Sources */ = {isa = PBXBuildFile; fileRef = B48E0D3920007F240085A2DD /* ProjectDetailsView.m */; };
		B48E0D3C20007FA70085A2DD /* ProjectDetailsView.xib in Resources */ = {isa = PBXBuildFile; fileRef = B48E0D3B20007FA70085A2DD /* ProjectDetailsView.xib */; };
		B4DB5753201048C400196F6E /* MobileCoreServices.framework in Frameworks */ = {isa = PBXBuildFile; fileRef = B4DB5752201048C400196F6E /* MobileCoreServices.framework */; };
		B4DB57552010498500196F6E /* SystemConfiguration.framework in Frameworks */ = {isa = PBXBuildFile; fileRef = B4DB57542010498500196F6E /* SystemConfiguration.framework */; };
		B4DB5759201080A100196F6E /* ActivityWebView.m in Sources */ = {isa = PBXBuildFile; fileRef = B4DB5758201080A100196F6E /* ActivityWebView.m */; };
/* End PBXBuildFile section */

/* Begin PBXFileReference section */
		153A92FE28FD1EA020AA1FD3 /* Pods-xdzc.release.xcconfig */ = {isa = PBXFileReference; includeInIndex = 1; lastKnownFileType = text.xcconfig; name = "Pods-xdzc.release.xcconfig"; path = "Pods/Target Support Files/Pods-xdzc/Pods-xdzc.release.xcconfig"; sourceTree = "<group>"; };
		319EBD93DD73B93F7BC73845 /* Pods-xdzc.debug.xcconfig */ = {isa = PBXFileReference; includeInIndex = 1; lastKnownFileType = text.xcconfig; name = "Pods-xdzc.debug.xcconfig"; path = "Pods/Target Support Files/Pods-xdzc/Pods-xdzc.debug.xcconfig"; sourceTree = "<group>"; };
		B25FFFCF2075F0010010B4CD /* UIView+gesture.h */ = {isa = PBXFileReference; fileEncoding = 4; lastKnownFileType = sourcecode.c.h; path = "UIView+gesture.h"; sourceTree = "<group>"; };
		B25FFFD02075F0010010B4CD /* MyClass.h */ = {isa = PBXFileReference; fileEncoding = 4; lastKnownFileType = sourcecode.c.h; path = MyClass.h; sourceTree = "<group>"; };
		B25FFFD12075F0010010B4CD /* UIView+gesture.m */ = {isa = PBXFileReference; fileEncoding = 4; lastKnownFileType = sourcecode.c.objc; path = "UIView+gesture.m"; sourceTree = "<group>"; };
		B25FFFD22075F0010010B4CD /* MyClass.m */ = {isa = PBXFileReference; fileEncoding = 4; lastKnownFileType = sourcecode.c.objc; path = MyClass.m; sourceTree = "<group>"; };
		B25FFFD42075F0010010B4CD /* CopyProperty.m */ = {isa = PBXFileReference; fileEncoding = 4; lastKnownFileType = sourcecode.c.objc; path = CopyProperty.m; sourceTree = "<group>"; };
		B25FFFD52075F0010010B4CD /* CopyProperty.h */ = {isa = PBXFileReference; fileEncoding = 4; lastKnownFileType = sourcecode.c.h; path = CopyProperty.h; sourceTree = "<group>"; };
		B25FFFD72075F0010010B4CD /* NSString+Helper.m */ = {isa = PBXFileReference; fileEncoding = 4; lastKnownFileType = sourcecode.c.objc; path = "NSString+Helper.m"; sourceTree = "<group>"; };
		B25FFFD82075F0010010B4CD /* base64.h */ = {isa = PBXFileReference; fileEncoding = 4; lastKnownFileType = sourcecode.c.h; path = base64.h; sourceTree = "<group>"; };
		B25FFFD92075F0010010B4CD /* Service.h */ = {isa = PBXFileReference; fileEncoding = 4; lastKnownFileType = sourcecode.c.h; path = Service.h; sourceTree = "<group>"; };
		B25FFFDA2075F0010010B4CD /* GTMBase64.h */ = {isa = PBXFileReference; fileEncoding = 4; lastKnownFileType = sourcecode.c.h; path = GTMBase64.h; sourceTree = "<group>"; };
		B25FFFDB2075F0010010B4CD /* UserModel.m */ = {isa = PBXFileReference; fileEncoding = 4; lastKnownFileType = sourcecode.c.objc; path = UserModel.m; sourceTree = "<group>"; };
		B25FFFDC2075F0010010B4CD /* NSString+Helper.h */ = {isa = PBXFileReference; fileEncoding = 4; lastKnownFileType = sourcecode.c.h; path = "NSString+Helper.h"; sourceTree = "<group>"; };
		B25FFFDD2075F0010010B4CD /* Service.m */ = {isa = PBXFileReference; fileEncoding = 4; lastKnownFileType = sourcecode.c.objc; path = Service.m; sourceTree = "<group>"; };
		B25FFFDE2075F0010010B4CD /* base64.m */ = {isa = PBXFileReference; fileEncoding = 4; lastKnownFileType = sourcecode.c.objc; path = base64.m; sourceTree = "<group>"; };
		B25FFFDF2075F0010010B4CD /* GTMDefines.h */ = {isa = PBXFileReference; fileEncoding = 4; lastKnownFileType = sourcecode.c.h; path = GTMDefines.h; sourceTree = "<group>"; };
		B25FFFE02075F0010010B4CD /* GTMBase64.m */ = {isa = PBXFileReference; fileEncoding = 4; lastKnownFileType = sourcecode.c.objc; path = GTMBase64.m; sourceTree = "<group>"; };
		B25FFFE12075F0010010B4CD /* UserModel.h */ = {isa = PBXFileReference; fileEncoding = 4; lastKnownFileType = sourcecode.c.h; path = UserModel.h; sourceTree = "<group>"; };
		B25FFFE32075F0010010B4CD /* LYAutoreleasepool.h */ = {isa = PBXFileReference; fileEncoding = 4; lastKnownFileType = sourcecode.c.h; path = LYAutoreleasepool.h; sourceTree = "<group>"; };
		B25FFFE42075F0010010B4CD /* LYAutoreleasepool.m */ = {isa = PBXFileReference; fileEncoding = 4; lastKnownFileType = sourcecode.c.objc; path = LYAutoreleasepool.m; sourceTree = "<group>"; };
		B2900E33206A293800953737 /* LYCatViewController.h */ = {isa = PBXFileReference; lastKnownFileType = sourcecode.c.h; path = LYCatViewController.h; sourceTree = "<group>"; };
		B2900E34206A293800953737 /* LYCatViewController.m */ = {isa = PBXFileReference; lastKnownFileType = sourcecode.c.objc; path = LYCatViewController.m; sourceTree = "<group>"; };
		B2DB9E692085CE5E00DFE21B /* UIScrollerViewController.h */ = {isa = PBXFileReference; fileEncoding = 4; lastKnownFileType = sourcecode.c.h; path = UIScrollerViewController.h; sourceTree = "<group>"; };
		B2DB9E6A2085CE5E00DFE21B /* UITouchController.h */ = {isa = PBXFileReference; fileEncoding = 4; lastKnownFileType = sourcecode.c.h; path = UITouchController.h; sourceTree = "<group>"; };
		B2DB9E6B2085CE5E00DFE21B /* UITouchController.m */ = {isa = PBXFileReference; fileEncoding = 4; lastKnownFileType = sourcecode.c.objc; path = UITouchController.m; sourceTree = "<group>"; };
		B2DB9E6C2085CE5E00DFE21B /* UIScrollerViewController.m */ = {isa = PBXFileReference; fileEncoding = 4; lastKnownFileType = sourcecode.c.objc; path = UIScrollerViewController.m; sourceTree = "<group>"; };
		B2DB9E6E2085CE5E00DFE21B /* UINavgationController.m */ = {isa = PBXFileReference; fileEncoding = 4; lastKnownFileType = sourcecode.c.objc; path = UINavgationController.m; sourceTree = "<group>"; };
		B2DB9E6F2085CE5E00DFE21B /* UINavgationController.h */ = {isa = PBXFileReference; fileEncoding = 4; lastKnownFileType = sourcecode.c.h; path = UINavgationController.h; sourceTree = "<group>"; };
		B2DB9E712085CE5E00DFE21B /* AnimationController.m */ = {isa = PBXFileReference; fileEncoding = 4; lastKnownFileType = sourcecode.c.objc; path = AnimationController.m; sourceTree = "<group>"; };
		B2DB9E722085CE5E00DFE21B /* AnimationController.h */ = {isa = PBXFileReference; fileEncoding = 4; lastKnownFileType = sourcecode.c.h; path = AnimationController.h; sourceTree = "<group>"; };
		B2DB9E742085CE5E00DFE21B /* XIBViewController.m */ = {isa = PBXFileReference; fileEncoding = 4; lastKnownFileType = sourcecode.c.objc; path = XIBViewController.m; sourceTree = "<group>"; };
		B2DB9E752085CE5E00DFE21B /* XIBViewController.xib */ = {isa = PBXFileReference; fileEncoding = 4; lastKnownFileType = file.xib; path = XIBViewController.xib; sourceTree = "<group>"; };
		B2DB9E762085CE5E00DFE21B /* XIBViewController.h */ = {isa = PBXFileReference; fileEncoding = 4; lastKnownFileType = sourcecode.c.h; path = XIBViewController.h; sourceTree = "<group>"; };
		B2DB9E782085CE5E00DFE21B /* MYTableViewController.h */ = {isa = PBXFileReference; fileEncoding = 4; lastKnownFileType = sourcecode.c.h; path = MYTableViewController.h; sourceTree = "<group>"; };
		B2DB9E792085CE5E00DFE21B /* MYTableViewController.m */ = {isa = PBXFileReference; fileEncoding = 4; lastKnownFileType = sourcecode.c.objc; path = MYTableViewController.m; sourceTree = "<group>"; };
		B2DB9E7B2085CE5E00DFE21B /* URLConnectsController.h */ = {isa = PBXFileReference; fileEncoding = 4; lastKnownFileType = sourcecode.c.h; path = URLConnectsController.h; sourceTree = "<group>"; };
		B2DB9E7C2085CE5E00DFE21B /* MyWKWebController.h */ = {isa = PBXFileReference; fileEncoding = 4; lastKnownFileType = sourcecode.c.h; path = MyWKWebController.h; sourceTree = "<group>"; };
		B2DB9E7D2085CE5E00DFE21B /* URLConnectsController.m */ = {isa = PBXFileReference; fileEncoding = 4; lastKnownFileType = sourcecode.c.objc; path = URLConnectsController.m; sourceTree = "<group>"; };
		B2DB9E7E2085CE5E00DFE21B /* MyWKWebController.m */ = {isa = PBXFileReference; fileEncoding = 4; lastKnownFileType = sourcecode.c.objc; path = MyWKWebController.m; sourceTree = "<group>"; };
		B2DB9E802085CE5E00DFE21B /* SqliteController.m */ = {isa = PBXFileReference; fileEncoding = 4; lastKnownFileType = sourcecode.c.objc; path = SqliteController.m; sourceTree = "<group>"; };
		B2DB9E812085CE5E00DFE21B /* SqliteController.h */ = {isa = PBXFileReference; fileEncoding = 4; lastKnownFileType = sourcecode.c.h; path = SqliteController.h; sourceTree = "<group>"; };
		B2DB9E832085CE5E00DFE21B /* JSONXMLController.h */ = {isa = PBXFileReference; fileEncoding = 4; lastKnownFileType = sourcecode.c.h; path = JSONXMLController.h; sourceTree = "<group>"; };
		B2DB9E842085CE5E00DFE21B /* JSONXMLController.m */ = {isa = PBXFileReference; fileEncoding = 4; lastKnownFileType = sourcecode.c.objc; path = JSONXMLController.m; sourceTree = "<group>"; };
		B2DB9E862085CE5E00DFE21B /* UISwitchController.h */ = {isa = PBXFileReference; fileEncoding = 4; lastKnownFileType = sourcecode.c.h; path = UISwitchController.h; sourceTree = "<group>"; };
		B2DB9E872085CE5E00DFE21B /* UIWindowController.h */ = {isa = PBXFileReference; fileEncoding = 4; lastKnownFileType = sourcecode.c.h; path = UIWindowController.h; sourceTree = "<group>"; };
		B2DB9E882085CE5E00DFE21B /* TimerViewController.m */ = {isa = PBXFileReference; fileEncoding = 4; lastKnownFileType = sourcecode.c.objc; path = TimerViewController.m; sourceTree = "<group>"; };
		B2DB9E892085CE5E00DFE21B /* UIWindowController.m */ = {isa = PBXFileReference; fileEncoding = 4; lastKnownFileType = sourcecode.c.objc; path = UIWindowController.m; sourceTree = "<group>"; };
		B2DB9E8A2085CE5E00DFE21B /* UISwitchController.m */ = {isa = PBXFileReference; fileEncoding = 4; lastKnownFileType = sourcecode.c.objc; path = UISwitchController.m; sourceTree = "<group>"; };
		B2DB9E8B2085CE5E00DFE21B /* TimerViewController.h */ = {isa = PBXFileReference; fileEncoding = 4; lastKnownFileType = sourcecode.c.h; path = TimerViewController.h; sourceTree = "<group>"; };
		B2DB9E8D2085CE5E00DFE21B /* UIGestureController.h */ = {isa = PBXFileReference; fileEncoding = 4; lastKnownFileType = sourcecode.c.h; path = UIGestureController.h; sourceTree = "<group>"; };
		B2DB9E8E2085CE5E00DFE21B /* UIGestureController.m */ = {isa = PBXFileReference; fileEncoding = 4; lastKnownFileType = sourcecode.c.objc; path = UIGestureController.m; sourceTree = "<group>"; };
		B2DB9E902085CE5E00DFE21B /* UILabelController.m */ = {isa = PBXFileReference; fileEncoding = 4; lastKnownFileType = sourcecode.c.objc; path = UILabelController.m; sourceTree = "<group>"; };
		B2DB9E912085CE5E00DFE21B /* UIHierarchyController.m */ = {isa = PBXFileReference; fileEncoding = 4; lastKnownFileType = sourcecode.c.objc; path = UIHierarchyController.m; sourceTree = "<group>"; };
		B2DB9E922085CE5E00DFE21B /* UIButtonEventController.h */ = {isa = PBXFileReference; fileEncoding = 4; lastKnownFileType = sourcecode.c.h; path = UIButtonEventController.h; sourceTree = "<group>"; };
		B2DB9E932085CE5E00DFE21B /* UIButtonController.h */ = {isa = PBXFileReference; fileEncoding = 4; lastKnownFileType = sourcecode.c.h; path = UIButtonController.h; sourceTree = "<group>"; };
		B2DB9E942085CE5E00DFE21B /* UILabelController.h */ = {isa = PBXFileReference; fileEncoding = 4; lastKnownFileType = sourcecode.c.h; path = UILabelController.h; sourceTree = "<group>"; };
		B2DB9E952085CE5E00DFE21B /* UIHierarchyController.h */ = {isa = PBXFileReference; fileEncoding = 4; lastKnownFileType = sourcecode.c.h; path = UIHierarchyController.h; sourceTree = "<group>"; };
		B2DB9E962085CE5E00DFE21B /* UIButtonController.m */ = {isa = PBXFileReference; fileEncoding = 4; lastKnownFileType = sourcecode.c.objc; path = UIButtonController.m; sourceTree = "<group>"; };
		B2DB9E972085CE5E00DFE21B /* UIButtonEventController.m */ = {isa = PBXFileReference; fileEncoding = 4; lastKnownFileType = sourcecode.c.objc; path = UIButtonEventController.m; sourceTree = "<group>"; };
		B2DB9E992085CE5F00DFE21B /* SDWebImageController.m */ = {isa = PBXFileReference; fileEncoding = 4; lastKnownFileType = sourcecode.c.objc; path = SDWebImageController.m; sourceTree = "<group>"; };
		B2DB9E9A2085CE5F00DFE21B /* SDWebImageController.h */ = {isa = PBXFileReference; fileEncoding = 4; lastKnownFileType = sourcecode.c.h; path = SDWebImageController.h; sourceTree = "<group>"; };
		B2DB9E9C2085CE5F00DFE21B /* AutoLayoutViewController.h */ = {isa = PBXFileReference; fileEncoding = 4; lastKnownFileType = sourcecode.c.h; path = AutoLayoutViewController.h; sourceTree = "<group>"; };
		B2DB9E9D2085CE5F00DFE21B /* ManualLayoutController.h */ = {isa = PBXFileReference; fileEncoding = 4; lastKnownFileType = sourcecode.c.h; path = ManualLayoutController.h; sourceTree = "<group>"; };
		B2DB9E9E2085CE5F00DFE21B /* RespondersController.h */ = {isa = PBXFileReference; fileEncoding = 4; lastKnownFileType = sourcecode.c.h; path = RespondersController.h; sourceTree = "<group>"; };
		B2DB9E9F2085CE5F00DFE21B /* AutoLayoutViewController.xib */ = {isa = PBXFileReference; fileEncoding = 4; lastKnownFileType = file.xib; path = AutoLayoutViewController.xib; sourceTree = "<group>"; };
		B2DB9EA02085CE5F00DFE21B /* ManualLayoutController.m */ = {isa = PBXFileReference; fileEncoding = 4; lastKnownFileType = sourcecode.c.objc; path = ManualLayoutController.m; sourceTree = "<group>"; };
		B2DB9EA12085CE5F00DFE21B /* AutoLayoutViewController.m */ = {isa = PBXFileReference; fileEncoding = 4; lastKnownFileType = sourcecode.c.objc; path = AutoLayoutViewController.m; sourceTree = "<group>"; };
		B2DB9EA22085CE5F00DFE21B /* RespondersController.m */ = {isa = PBXFileReference; fileEncoding = 4; lastKnownFileType = sourcecode.c.objc; path = RespondersController.m; sourceTree = "<group>"; };
		B2DB9EA42085CE5F00DFE21B /* UITextFielController.h */ = {isa = PBXFileReference; fileEncoding = 4; lastKnownFileType = sourcecode.c.h; path = UITextFielController.h; sourceTree = "<group>"; };
		B2DB9EA52085CE5F00DFE21B /* UISliderController.m */ = {isa = PBXFileReference; fileEncoding = 4; lastKnownFileType = sourcecode.c.objc; path = UISliderController.m; sourceTree = "<group>"; };
		B2DB9EA62085CE5F00DFE21B /* UIAlertViewController.h */ = {isa = PBXFileReference; fileEncoding = 4; lastKnownFileType = sourcecode.c.h; path = UIAlertViewController.h; sourceTree = "<group>"; };
		B2DB9EA72085CE5F00DFE21B /* UISliderController.h */ = {isa = PBXFileReference; fileEncoding = 4; lastKnownFileType = sourcecode.c.h; path = UISliderController.h; sourceTree = "<group>"; };
		B2DB9EA82085CE5F00DFE21B /* UITextFielController.m */ = {isa = PBXFileReference; fileEncoding = 4; lastKnownFileType = sourcecode.c.objc; path = UITextFielController.m; sourceTree = "<group>"; };
		B2DB9EA92085CE5F00DFE21B /* UIAlertViewController.m */ = {isa = PBXFileReference; fileEncoding = 4; lastKnownFileType = sourcecode.c.objc; path = UIAlertViewController.m; sourceTree = "<group>"; };
		B2DB9EC62085CEEE00DFE21B /* SocketSingleton.h */ = {isa = PBXFileReference; lastKnownFileType = sourcecode.c.h; path = SocketSingleton.h; sourceTree = "<group>"; };
		B2DB9EC72085CEEE00DFE21B /* SocketSingleton.m */ = {isa = PBXFileReference; lastKnownFileType = sourcecode.c.objc; path = SocketSingleton.m; sourceTree = "<group>"; };
		B2F3F470207B3AA000E4AFAF /* SUTRuntimeMethodHelper.h */ = {isa = PBXFileReference; lastKnownFileType = sourcecode.c.h; path = SUTRuntimeMethodHelper.h; sourceTree = "<group>"; };
		B2F3F471207B3AA000E4AFAF /* SUTRuntimeMethodHelper.m */ = {isa = PBXFileReference; lastKnownFileType = sourcecode.c.objc; path = SUTRuntimeMethodHelper.m; sourceTree = "<group>"; };
		B2F3F473207B3AB200E4AFAF /* SUTRuntimeMethod.h */ = {isa = PBXFileReference; lastKnownFileType = sourcecode.c.h; path = SUTRuntimeMethod.h; sourceTree = "<group>"; };
		B2F3F474207B3AB200E4AFAF /* SUTRuntimeMethod.m */ = {isa = PBXFileReference; lastKnownFileType = sourcecode.c.objc; path = SUTRuntimeMethod.m; sourceTree = "<group>"; };
		B2F3F476207C662600E4AFAF /* UIViewController+Tracking.h */ = {isa = PBXFileReference; lastKnownFileType = sourcecode.c.h; name = "UIViewController+Tracking.h"; path = "UI部分/UIViewController+Tracking.h"; sourceTree = "<group>"; };
		B2F3F477207C662600E4AFAF /* UIViewController+Tracking.m */ = {isa = PBXFileReference; lastKnownFileType = sourcecode.c.objc; name = "UIViewController+Tracking.m"; path = "UI部分/UIViewController+Tracking.m"; sourceTree = "<group>"; };
		B47B660820032B4400E81BCB /* CardTableViewCell.h */ = {isa = PBXFileReference; lastKnownFileType = sourcecode.c.h; path = CardTableViewCell.h; sourceTree = "<group>"; };
		B47B660920032B4400E81BCB /* CardTableViewCell.m */ = {isa = PBXFileReference; lastKnownFileType = sourcecode.c.objc; path = CardTableViewCell.m; sourceTree = "<group>"; };
		B47B660A20032B4400E81BCB /* CardTableViewCell.xib */ = {isa = PBXFileReference; lastKnownFileType = file.xib; path = CardTableViewCell.xib; sourceTree = "<group>"; };
		B48E0D1F20007E730085A2DD /* xdzc.app */ = {isa = PBXFileReference; explicitFileType = wrapper.application; includeInIndex = 0; path = xdzc.app; sourceTree = BUILT_PRODUCTS_DIR; };
		B48E0D2220007E730085A2DD /* AppDelegate.h */ = {isa = PBXFileReference; lastKnownFileType = sourcecode.c.h; path = AppDelegate.h; sourceTree = "<group>"; };
		B48E0D2320007E730085A2DD /* AppDelegate.m */ = {isa = PBXFileReference; lastKnownFileType = sourcecode.c.objc; path = AppDelegate.m; sourceTree = "<group>"; };
		B48E0D2520007E730085A2DD /* ViewController.h */ = {isa = PBXFileReference; lastKnownFileType = sourcecode.c.h; path = ViewController.h; sourceTree = "<group>"; };
		B48E0D2620007E730085A2DD /* ViewController.m */ = {isa = PBXFileReference; lastKnownFileType = sourcecode.c.objc; path = ViewController.m; sourceTree = "<group>"; };
		B48E0D2920007E730085A2DD /* Base */ = {isa = PBXFileReference; lastKnownFileType = file.storyboard; name = Base; path = Base.lproj/Main.storyboard; sourceTree = "<group>"; };
		B48E0D2B20007E730085A2DD /* Assets.xcassets */ = {isa = PBXFileReference; lastKnownFileType = folder.assetcatalog; path = Assets.xcassets; sourceTree = "<group>"; };
		B48E0D2E20007E730085A2DD /* Base */ = {isa = PBXFileReference; lastKnownFileType = file.storyboard; name = Base; path = Base.lproj/LaunchScreen.storyboard; sourceTree = "<group>"; };
		B48E0D3020007E730085A2DD /* Info.plist */ = {isa = PBXFileReference; lastKnownFileType = text.plist.xml; path = Info.plist; sourceTree = "<group>"; };
		B48E0D3120007E730085A2DD /* main.m */ = {isa = PBXFileReference; lastKnownFileType = sourcecode.c.objc; path = main.m; sourceTree = "<group>"; };
		B48E0D3820007F240085A2DD /* ProjectDetailsView.h */ = {isa = PBXFileReference; lastKnownFileType = sourcecode.c.h; path = ProjectDetailsView.h; sourceTree = "<group>"; };
		B48E0D3920007F240085A2DD /* ProjectDetailsView.m */ = {isa = PBXFileReference; lastKnownFileType = sourcecode.c.objc; path = ProjectDetailsView.m; sourceTree = "<group>"; };
		B48E0D3B20007FA70085A2DD /* ProjectDetailsView.xib */ = {isa = PBXFileReference; lastKnownFileType = file.xib; path = ProjectDetailsView.xib; sourceTree = "<group>"; };
		B4DB5752201048C400196F6E /* MobileCoreServices.framework */ = {isa = PBXFileReference; lastKnownFileType = wrapper.framework; name = MobileCoreServices.framework; path = System/Library/Frameworks/MobileCoreServices.framework; sourceTree = SDKROOT; };
		B4DB57542010498500196F6E /* SystemConfiguration.framework */ = {isa = PBXFileReference; lastKnownFileType = wrapper.framework; name = SystemConfiguration.framework; path = System/Library/Frameworks/SystemConfiguration.framework; sourceTree = SDKROOT; };
		B4DB5757201080A100196F6E /* ActivityWebView.h */ = {isa = PBXFileReference; lastKnownFileType = sourcecode.c.h; path = ActivityWebView.h; sourceTree = "<group>"; };
		B4DB5758201080A100196F6E /* ActivityWebView.m */ = {isa = PBXFileReference; lastKnownFileType = sourcecode.c.objc; path = ActivityWebView.m; sourceTree = "<group>"; };
		E606E74A669E169E7B17BBC4 /* libPods-xdzc.a */ = {isa = PBXFileReference; explicitFileType = archive.ar; includeInIndex = 0; path = "libPods-xdzc.a"; sourceTree = BUILT_PRODUCTS_DIR; };
/* End PBXFileReference section */

/* Begin PBXFrameworksBuildPhase section */
		B48E0D1C20007E730085A2DD /* Frameworks */ = {
			isa = PBXFrameworksBuildPhase;
			buildActionMask = 2147483647;
			files = (
				B4DB57552010498500196F6E /* SystemConfiguration.framework in Frameworks */,
				B4DB5753201048C400196F6E /* MobileCoreServices.framework in Frameworks */,
				9F031D94879D41BD3E0CD156 /* libPods-xdzc.a in Frameworks */,
			);
			runOnlyForDeploymentPostprocessing = 0;
		};
/* End PBXFrameworksBuildPhase section */

/* Begin PBXGroup section */
		4ABC39D9238CED5DF02FE0D7 /* Pods */ = {
			isa = PBXGroup;
			children = (
				319EBD93DD73B93F7BC73845 /* Pods-xdzc.debug.xcconfig */,
				153A92FE28FD1EA020AA1FD3 /* Pods-xdzc.release.xcconfig */,
			);
			name = Pods;
			sourceTree = "<group>";
		};
		B25FFF4E2075EFD30010B4CD /* OC语言基础 */ = {
			isa = PBXGroup;
			children = (
				B25FFFD32075F0010010B4CD /* 1-属性 */,
				B25FFFE22075F0010010B4CD /* 15-内存管理 */,
				B25FFFCE2075F0000010B4CD /* 20-Runtime */,
				B2DB9EC52085CED500DFE21B /* 21Socket */,
				B25FFFD62075F0010010B4CD /* 30-service */,
			);
			path = "OC语言基础";
			sourceTree = "<group>";
		};
		B25FFF662075EFD30010B4CD /* UI部分 */ = {
			isa = PBXGroup;
			children = (
				B2DB9E8F2085CE5E00DFE21B /* 1-基础控件上 */,
				B2DB9E852085CE5E00DFE21B /* 2-基础控件中 */,
				B2DB9EA32085CE5F00DFE21B /* 3-基础控件下 */,
				B2DB9E682085CE5E00DFE21B /* 6-视图布局上 */,
				B2DB9E732085CE5E00DFE21B /* 7-视图布局中 */,
				B2DB9E8C2085CE5E00DFE21B /* 8-视图布局下-手势 */,
				B2DB9E772085CE5E00DFE21B /* 表视图图UITableView */,
				B2DB9E9B2085CE5F00DFE21B /* 布局子视图 */,
				B2DB9E6D2085CE5E00DFE21B /* 导航和分栏控制器 */,
				B2DB9E702085CE5E00DFE21B /* 动画 */,
				B2DB9E982085CE5F00DFE21B /* 多媒体基础 */,
				B2DB9E822085CE5E00DFE21B /* 解析JSON 和  XML */,
				B2DB9E7F2085CE5E00DFE21B /* 数据库 Sqlite */,
				B2DB9E7A2085CE5E00DFE21B /* 网络编程 */,
			);
			path = "UI部分";
			sourceTree = "<group>";
		};
		B25FFFCE2075F0000010B4CD /* 20-Runtime */ = {
			isa = PBXGroup;
			children = (
				B25FFFCF2075F0010010B4CD /* UIView+gesture.h */,
				B25FFFD12075F0010010B4CD /* UIView+gesture.m */,
				B25FFFD02075F0010010B4CD /* MyClass.h */,
				B25FFFD22075F0010010B4CD /* MyClass.m */,
				B2F3F473207B3AB200E4AFAF /* SUTRuntimeMethod.h */,
				B2F3F474207B3AB200E4AFAF /* SUTRuntimeMethod.m */,
				B2F3F470207B3AA000E4AFAF /* SUTRuntimeMethodHelper.h */,
				B2F3F471207B3AA000E4AFAF /* SUTRuntimeMethodHelper.m */,
			);
			path = "20-Runtime";
			sourceTree = "<group>";
		};
		B25FFFD32075F0010010B4CD /* 1-属性 */ = {
			isa = PBXGroup;
			children = (
				B25FFFD42075F0010010B4CD /* CopyProperty.m */,
				B25FFFD52075F0010010B4CD /* CopyProperty.h */,
			);
			path = "1-属性";
			sourceTree = "<group>";
		};
		B25FFFD62075F0010010B4CD /* 30-service */ = {
			isa = PBXGroup;
			children = (
				B25FFFD72075F0010010B4CD /* NSString+Helper.m */,
				B25FFFD82075F0010010B4CD /* base64.h */,
				B25FFFD92075F0010010B4CD /* Service.h */,
				B25FFFDA2075F0010010B4CD /* GTMBase64.h */,
				B25FFFDB2075F0010010B4CD /* UserModel.m */,
				B25FFFDC2075F0010010B4CD /* NSString+Helper.h */,
				B25FFFDD2075F0010010B4CD /* Service.m */,
				B25FFFDE2075F0010010B4CD /* base64.m */,
				B25FFFDF2075F0010010B4CD /* GTMDefines.h */,
				B25FFFE02075F0010010B4CD /* GTMBase64.m */,
				B25FFFE12075F0010010B4CD /* UserModel.h */,
			);
			path = "30-service";
			sourceTree = "<group>";
		};
		B25FFFE22075F0010010B4CD /* 15-内存管理 */ = {
			isa = PBXGroup;
			children = (
				B25FFFE32075F0010010B4CD /* LYAutoreleasepool.h */,
				B25FFFE42075F0010010B4CD /* LYAutoreleasepool.m */,
			);
			path = "15-内存管理";
			sourceTree = "<group>";
		};
		B2DB9E682085CE5E00DFE21B /* 6-视图布局上 */ = {
			isa = PBXGroup;
			children = (
				B2DB9E692085CE5E00DFE21B /* UIScrollerViewController.h */,
				B2DB9E6A2085CE5E00DFE21B /* UITouchController.h */,
				B2DB9E6B2085CE5E00DFE21B /* UITouchController.m */,
				B2DB9E6C2085CE5E00DFE21B /* UIScrollerViewController.m */,
			);
			path = "6-视图布局上";
			sourceTree = "<group>";
		};
		B2DB9E6D2085CE5E00DFE21B /* 导航和分栏控制器 */ = {
			isa = PBXGroup;
			children = (
				B2DB9E6E2085CE5E00DFE21B /* UINavgationController.m */,
				B2DB9E6F2085CE5E00DFE21B /* UINavgationController.h */,
			);
			path = "导航和分栏控制器";
			sourceTree = "<group>";
		};
		B2DB9E702085CE5E00DFE21B /* 动画 */ = {
			isa = PBXGroup;
			children = (
				B2DB9E712085CE5E00DFE21B /* AnimationController.m */,
				B2DB9E722085CE5E00DFE21B /* AnimationController.h */,
			);
			path = "动画";
			sourceTree = "<group>";
		};
		B2DB9E732085CE5E00DFE21B /* 7-视图布局中 */ = {
			isa = PBXGroup;
			children = (
				B2DB9E742085CE5E00DFE21B /* XIBViewController.m */,
				B2DB9E752085CE5E00DFE21B /* XIBViewController.xib */,
				B2DB9E762085CE5E00DFE21B /* XIBViewController.h */,
			);
			path = "7-视图布局中";
			sourceTree = "<group>";
		};
		B2DB9E772085CE5E00DFE21B /* 表视图图UITableView */ = {
			isa = PBXGroup;
			children = (
				B2DB9E782085CE5E00DFE21B /* MYTableViewController.h */,
				B2DB9E792085CE5E00DFE21B /* MYTableViewController.m */,
			);
			path = "表视图图UITableView";
			sourceTree = "<group>";
		};
		B2DB9E7A2085CE5E00DFE21B /* 网络编程 */ = {
			isa = PBXGroup;
			children = (
				B2DB9E7B2085CE5E00DFE21B /* URLConnectsController.h */,
				B2DB9E7C2085CE5E00DFE21B /* MyWKWebController.h */,
				B2DB9E7D2085CE5E00DFE21B /* URLConnectsController.m */,
				B2DB9E7E2085CE5E00DFE21B /* MyWKWebController.m */,
			);
			path = "网络编程";
			sourceTree = "<group>";
		};
		B2DB9E7F2085CE5E00DFE21B /* 数据库 Sqlite */ = {
			isa = PBXGroup;
			children = (
				B2DB9E802085CE5E00DFE21B /* SqliteController.m */,
				B2DB9E812085CE5E00DFE21B /* SqliteController.h */,
			);
			path = "数据库 Sqlite";
			sourceTree = "<group>";
		};
		B2DB9E822085CE5E00DFE21B /* 解析JSON 和  XML */ = {
			isa = PBXGroup;
			children = (
				B2DB9E832085CE5E00DFE21B /* JSONXMLController.h */,
				B2DB9E842085CE5E00DFE21B /* JSONXMLController.m */,
			);
			path = "解析JSON 和  XML";
			sourceTree = "<group>";
		};
		B2DB9E852085CE5E00DFE21B /* 2-基础控件中 */ = {
			isa = PBXGroup;
			children = (
				B2DB9E862085CE5E00DFE21B /* UISwitchController.h */,
				B2DB9E872085CE5E00DFE21B /* UIWindowController.h */,
				B2DB9E882085CE5E00DFE21B /* TimerViewController.m */,
				B2DB9E892085CE5E00DFE21B /* UIWindowController.m */,
				B2DB9E8A2085CE5E00DFE21B /* UISwitchController.m */,
				B2DB9E8B2085CE5E00DFE21B /* TimerViewController.h */,
			);
			path = "2-基础控件中";
			sourceTree = "<group>";
		};
		B2DB9E8C2085CE5E00DFE21B /* 8-视图布局下-手势 */ = {
			isa = PBXGroup;
			children = (
				B2DB9E8D2085CE5E00DFE21B /* UIGestureController.h */,
				B2DB9E8E2085CE5E00DFE21B /* UIGestureController.m */,
			);
			path = "8-视图布局下-手势";
			sourceTree = "<group>";
		};
		B2DB9E8F2085CE5E00DFE21B /* 1-基础控件上 */ = {
			isa = PBXGroup;
			children = (
				B2DB9E902085CE5E00DFE21B /* UILabelController.m */,
				B2DB9E912085CE5E00DFE21B /* UIHierarchyController.m */,
				B2DB9E922085CE5E00DFE21B /* UIButtonEventController.h */,
				B2DB9E932085CE5E00DFE21B /* UIButtonController.h */,
				B2DB9E942085CE5E00DFE21B /* UILabelController.h */,
				B2DB9E952085CE5E00DFE21B /* UIHierarchyController.h */,
				B2DB9E962085CE5E00DFE21B /* UIButtonController.m */,
				B2DB9E972085CE5E00DFE21B /* UIButtonEventController.m */,
			);
			path = "1-基础控件上";
			sourceTree = "<group>";
		};
		B2DB9E982085CE5F00DFE21B /* 多媒体基础 */ = {
			isa = PBXGroup;
			children = (
				B2DB9E992085CE5F00DFE21B /* SDWebImageController.m */,
				B2DB9E9A2085CE5F00DFE21B /* SDWebImageController.h */,
			);
			path = "多媒体基础";
			sourceTree = "<group>";
		};
		B2DB9E9B2085CE5F00DFE21B /* 布局子视图 */ = {
			isa = PBXGroup;
			children = (
				B2DB9E9C2085CE5F00DFE21B /* AutoLayoutViewController.h */,
				B2DB9E9D2085CE5F00DFE21B /* ManualLayoutController.h */,
				B2DB9E9E2085CE5F00DFE21B /* RespondersController.h */,
				B2DB9E9F2085CE5F00DFE21B /* AutoLayoutViewController.xib */,
				B2DB9EA02085CE5F00DFE21B /* ManualLayoutController.m */,
				B2DB9EA12085CE5F00DFE21B /* AutoLayoutViewController.m */,
				B2DB9EA22085CE5F00DFE21B /* RespondersController.m */,
			);
			path = "布局子视图";
			sourceTree = "<group>";
		};
		B2DB9EA32085CE5F00DFE21B /* 3-基础控件下 */ = {
			isa = PBXGroup;
			children = (
				B2DB9EA42085CE5F00DFE21B /* UITextFielController.h */,
				B2DB9EA52085CE5F00DFE21B /* UISliderController.m */,
				B2DB9EA62085CE5F00DFE21B /* UIAlertViewController.h */,
				B2DB9EA72085CE5F00DFE21B /* UISliderController.h */,
				B2DB9EA82085CE5F00DFE21B /* UITextFielController.m */,
				B2DB9EA92085CE5F00DFE21B /* UIAlertViewController.m */,
			);
			path = "3-基础控件下";
			sourceTree = "<group>";
		};
		B2DB9EC52085CED500DFE21B /* 21Socket */ = {
			isa = PBXGroup;
			children = (
				B2DB9EC62085CEEE00DFE21B /* SocketSingleton.h */,
				B2DB9EC72085CEEE00DFE21B /* SocketSingleton.m */,
			);
			name = 21Socket;
			path = "xdzc/OC语言基础/21Socket";
			sourceTree = SOURCE_ROOT;
		};
		B48E0D1620007E730085A2DD = {
			isa = PBXGroup;
			children = (
				B48E0D2120007E730085A2DD /* xdzc */,
				B48E0D2020007E730085A2DD /* Products */,
				B4DB5751201048C400196F6E /* Frameworks */,
				4ABC39D9238CED5DF02FE0D7 /* Pods */,
			);
			sourceTree = "<group>";
		};
		B48E0D2020007E730085A2DD /* Products */ = {
			isa = PBXGroup;
			children = (
				B48E0D1F20007E730085A2DD /* xdzc.app */,
			);
			name = Products;
			sourceTree = "<group>";
		};
		B48E0D2120007E730085A2DD /* xdzc */ = {
			isa = PBXGroup;
			children = (
				B25FFF4E2075EFD30010B4CD /* OC语言基础 */,
				B25FFF662075EFD30010B4CD /* UI部分 */,
				B48E0D2220007E730085A2DD /* AppDelegate.h */,
				B48E0D2320007E730085A2DD /* AppDelegate.m */,
				B48E0D2520007E730085A2DD /* ViewController.h */,
				B48E0D2620007E730085A2DD /* ViewController.m */,
				B2F3F476207C662600E4AFAF /* UIViewController+Tracking.h */,
				B2F3F477207C662600E4AFAF /* UIViewController+Tracking.m */,
				B4DB5757201080A100196F6E /* ActivityWebView.h */,
				B4DB5758201080A100196F6E /* ActivityWebView.m */,
				B47B660820032B4400E81BCB /* CardTableViewCell.h */,
				B47B660920032B4400E81BCB /* CardTableViewCell.m */,
				B47B660A20032B4400E81BCB /* CardTableViewCell.xib */,
				B48E0D3820007F240085A2DD /* ProjectDetailsView.h */,
				B48E0D3920007F240085A2DD /* ProjectDetailsView.m */,
				B48E0D3B20007FA70085A2DD /* ProjectDetailsView.xib */,
				B48E0D2820007E730085A2DD /* Main.storyboard */,
				B2900E33206A293800953737 /* LYCatViewController.h */,
				B2900E34206A293800953737 /* LYCatViewController.m */,
				B48E0D2B20007E730085A2DD /* Assets.xcassets */,
				B48E0D2D20007E730085A2DD /* LaunchScreen.storyboard */,
				B48E0D3020007E730085A2DD /* Info.plist */,
				B48E0D3120007E730085A2DD /* main.m */,
			);
			path = xdzc;
			sourceTree = "<group>";
		};
		B4DB5751201048C400196F6E /* Frameworks */ = {
			isa = PBXGroup;
			children = (
				B4DB57542010498500196F6E /* SystemConfiguration.framework */,
				B4DB5752201048C400196F6E /* MobileCoreServices.framework */,
				E606E74A669E169E7B17BBC4 /* libPods-xdzc.a */,
			);
			name = Frameworks;
			sourceTree = "<group>";
		};
/* End PBXGroup section */

/* Begin PBXNativeTarget section */
		B48E0D1E20007E730085A2DD /* xdzc */ = {
			isa = PBXNativeTarget;
			buildConfigurationList = B48E0D3520007E730085A2DD /* Build configuration list for PBXNativeTarget "xdzc" */;
			buildPhases = (
				88D61BCF0C4322C7E6D5F070 /* [CP] Check Pods Manifest.lock */,
				B48E0D1B20007E730085A2DD /* Sources */,
				B48E0D1C20007E730085A2DD /* Frameworks */,
				B48E0D1D20007E730085A2DD /* Resources */,
			);
			buildRules = (
			);
			dependencies = (
			);
			name = xdzc;
			productName = xdzc;
			productReference = B48E0D1F20007E730085A2DD /* xdzc.app */;
			productType = "com.apple.product-type.application";
		};
/* End PBXNativeTarget section */

/* Begin PBXProject section */
		B48E0D1720007E730085A2DD /* Project object */ = {
			isa = PBXProject;
			attributes = {
				LastUpgradeCheck = 0920;
				ORGANIZATIONNAME = "现代众车在线";
				TargetAttributes = {
					B48E0D1E20007E730085A2DD = {
						CreatedOnToolsVersion = 9.2;
						ProvisioningStyle = Automatic;
					};
				};
			};
			buildConfigurationList = B48E0D1A20007E730085A2DD /* Build configuration list for PBXProject "xdzc" */;
			compatibilityVersion = "Xcode 8.0";
			developmentRegion = en;
			hasScannedForEncodings = 0;
			knownRegions = (
				en,
				Base,
			);
			mainGroup = B48E0D1620007E730085A2DD;
			productRefGroup = B48E0D2020007E730085A2DD /* Products */;
			projectDirPath = "";
			projectRoot = "";
			targets = (
				B48E0D1E20007E730085A2DD /* xdzc */,
			);
		};
/* End PBXProject section */

/* Begin PBXResourcesBuildPhase section */
		B48E0D1D20007E730085A2DD /* Resources */ = {
			isa = PBXResourcesBuildPhase;
			buildActionMask = 2147483647;
			files = (
				B48E0D2F20007E730085A2DD /* LaunchScreen.storyboard in Resources */,
				B48E0D2C20007E730085A2DD /* Assets.xcassets in Resources */,
				B2DB9EAF2085CE5F00DFE21B /* XIBViewController.xib in Resources */,
				B47B660C20032B4400E81BCB /* CardTableViewCell.xib in Resources */,
				B2DB9EBE2085CE5F00DFE21B /* AutoLayoutViewController.xib in Resources */,
				B48E0D2A20007E730085A2DD /* Main.storyboard in Resources */,
				B48E0D3C20007FA70085A2DD /* ProjectDetailsView.xib in Resources */,
			);
			runOnlyForDeploymentPostprocessing = 0;
		};
/* End PBXResourcesBuildPhase section */

/* Begin PBXShellScriptBuildPhase section */
		88D61BCF0C4322C7E6D5F070 /* [CP] Check Pods Manifest.lock */ = {
			isa = PBXShellScriptBuildPhase;
			buildActionMask = 2147483647;
			files = (
			);
			inputPaths = (
				"${PODS_PODFILE_DIR_PATH}/Podfile.lock",
				"${PODS_ROOT}/Manifest.lock",
			);
			name = "[CP] Check Pods Manifest.lock";
			outputPaths = (
				"$(DERIVED_FILE_DIR)/Pods-xdzc-checkManifestLockResult.txt",
			);
			runOnlyForDeploymentPostprocessing = 0;
			shellPath = /bin/sh;
			shellScript = "diff \"${PODS_PODFILE_DIR_PATH}/Podfile.lock\" \"${PODS_ROOT}/Manifest.lock\" > /dev/null\nif [ $? != 0 ] ; then\n    # print error to STDERR\n    echo \"error: The sandbox is not in sync with the Podfile.lock. Run 'pod install' or update your CocoaPods installation.\" >&2\n    exit 1\nfi\n# This output is used by Xcode 'outputs' to avoid re-running this script phase.\necho \"SUCCESS\" > \"${SCRIPT_OUTPUT_FILE_0}\"\n";
			showEnvVarsInLog = 0;
		};
/* End PBXShellScriptBuildPhase section */

/* Begin PBXSourcesBuildPhase section */
		B48E0D1B20007E730085A2DD /* Sources */ = {
			isa = PBXSourcesBuildPhase;
			buildActionMask = 2147483647;
			files = (
				B25FFFE72075F0010010B4CD /* CopyProperty.m in Sources */,
				B2DB9EBB2085CE5F00DFE21B /* UIButtonController.m in Sources */,
				B2DB9EB02085CE5F00DFE21B /* MYTableViewController.m in Sources */,
				B25FFFED2075F0010010B4CD /* LYAutoreleasepool.m in Sources */,
				B2DB9EB72085CE5F00DFE21B /* UISwitchController.m in Sources */,
				B2DB9EC12085CE5F00DFE21B /* RespondersController.m in Sources */,
				B2F3F475207B3AB200E4AFAF /* SUTRuntimeMethod.m in Sources */,
				B2DB9EB82085CE5F00DFE21B /* UIGestureController.m in Sources */,
				B2DB9EBF2085CE5F00DFE21B /* ManualLayoutController.m in Sources */,
				B4DB5759201080A100196F6E /* ActivityWebView.m in Sources */,
				B2DB9EC22085CE5F00DFE21B /* UISliderController.m in Sources */,
				B25FFFEB2075F0010010B4CD /* base64.m in Sources */,
				B2DB9EAC2085CE5F00DFE21B /* UINavgationController.m in Sources */,
				B48E0D2720007E730085A2DD /* ViewController.m in Sources */,
				B48E0D3220007E730085A2DD /* main.m in Sources */,
				B47B660B20032B4400E81BCB /* CardTableViewCell.m in Sources */,
				B2DB9EAD2085CE5F00DFE21B /* AnimationController.m in Sources */,
				B25FFFE82075F0010010B4CD /* NSString+Helper.m in Sources */,
				B2DB9EB52085CE5F00DFE21B /* TimerViewController.m in Sources */,
				B2DB9EB42085CE5F00DFE21B /* JSONXMLController.m in Sources */,
				B48E0D2420007E730085A2DD /* AppDelegate.m in Sources */,
				B25FFFEC2075F0010010B4CD /* GTMBase64.m in Sources */,
				B2DB9EBC2085CE5F00DFE21B /* UIButtonEventController.m in Sources */,
				B25FFFE92075F0010010B4CD /* UserModel.m in Sources */,
				B48E0D3A20007F240085A2DD /* ProjectDetailsView.m in Sources */,
				B2900E35206A293800953737 /* LYCatViewController.m in Sources */,
				B2DB9EC82085CEEE00DFE21B /* SocketSingleton.m in Sources */,
				B2DB9EAE2085CE5F00DFE21B /* XIBViewController.m in Sources */,
				B2DB9EC42085CE5F00DFE21B /* UIAlertViewController.m in Sources */,
				B2DB9EB22085CE5F00DFE21B /* MyWKWebController.m in Sources */,
				B2DB9EBA2085CE5F00DFE21B /* UIHierarchyController.m in Sources */,
				B2F3F472207B3AA000E4AFAF /* SUTRuntimeMethodHelper.m in Sources */,
				B2DB9EB92085CE5F00DFE21B /* UILabelController.m in Sources */,
				B2DB9EAA2085CE5F00DFE21B /* UITouchController.m in Sources */,
				B25FFFE52075F0010010B4CD /* UIView+gesture.m in Sources */,
				B2F3F478207C662600E4AFAF /* UIViewController+Tracking.m in Sources */,
				B2DB9EB32085CE5F00DFE21B /* SqliteController.m in Sources */,
				B2DB9EC32085CE5F00DFE21B /* UITextFielController.m in Sources */,
				B2DB9EB12085CE5F00DFE21B /* URLConnectsController.m in Sources */,
				B2DB9EBD2085CE5F00DFE21B /* SDWebImageController.m in Sources */,
				B2DB9EC02085CE5F00DFE21B /* AutoLayoutViewController.m in Sources */,
				B25FFFEA2075F0010010B4CD /* Service.m in Sources */,
				B2DB9EB62085CE5F00DFE21B /* UIWindowController.m in Sources */,
				B25FFFE62075F0010010B4CD /* MyClass.m in Sources */,
				B2DB9EAB2085CE5F00DFE21B /* UIScrollerViewController.m in Sources */,
			);
			runOnlyForDeploymentPostprocessing = 0;
		};
/* End PBXSourcesBuildPhase section */

/* Begin PBXVariantGroup section */
		B48E0D2820007E730085A2DD /* Main.storyboard */ = {
			isa = PBXVariantGroup;
			children = (
				B48E0D2920007E730085A2DD /* Base */,
			);
			name = Main.storyboard;
			sourceTree = "<group>";
		};
		B48E0D2D20007E730085A2DD /* LaunchScreen.storyboard */ = {
			isa = PBXVariantGroup;
			children = (
				B48E0D2E20007E730085A2DD /* Base */,
			);
			name = LaunchScreen.storyboard;
			sourceTree = "<group>";
		};
/* End PBXVariantGroup section */

/* Begin XCBuildConfiguration section */
		B48E0D3320007E730085A2DD /* Debug */ = {
			isa = XCBuildConfiguration;
			buildSettings = {
				ALWAYS_SEARCH_USER_PATHS = NO;
				CLANG_ANALYZER_NONNULL = YES;
				CLANG_ANALYZER_NUMBER_OBJECT_CONVERSION = YES_AGGRESSIVE;
				CLANG_CXX_LANGUAGE_STANDARD = "gnu++14";
				CLANG_CXX_LIBRARY = "libc++";
				CLANG_ENABLE_MODULES = YES;
				CLANG_ENABLE_OBJC_ARC = YES;
				CLANG_WARN_BLOCK_CAPTURE_AUTORELEASING = YES;
				CLANG_WARN_BOOL_CONVERSION = YES;
				CLANG_WARN_COMMA = YES;
				CLANG_WARN_CONSTANT_CONVERSION = YES;
				CLANG_WARN_DIRECT_OBJC_ISA_USAGE = YES_ERROR;
				CLANG_WARN_DOCUMENTATION_COMMENTS = YES;
				CLANG_WARN_EMPTY_BODY = YES;
				CLANG_WARN_ENUM_CONVERSION = YES;
				CLANG_WARN_INFINITE_RECURSION = YES;
				CLANG_WARN_INT_CONVERSION = YES;
				CLANG_WARN_NON_LITERAL_NULL_CONVERSION = YES;
				CLANG_WARN_OBJC_LITERAL_CONVERSION = YES;
				CLANG_WARN_OBJC_ROOT_CLASS = YES_ERROR;
				CLANG_WARN_RANGE_LOOP_ANALYSIS = YES;
				CLANG_WARN_STRICT_PROTOTYPES = YES;
				CLANG_WARN_SUSPICIOUS_MOVE = YES;
				CLANG_WARN_UNGUARDED_AVAILABILITY = YES_AGGRESSIVE;
				CLANG_WARN_UNREACHABLE_CODE = YES;
				CLANG_WARN__DUPLICATE_METHOD_MATCH = YES;
				CODE_SIGN_IDENTITY = "iPhone Developer";
				COPY_PHASE_STRIP = NO;
				DEBUG_INFORMATION_FORMAT = dwarf;
				ENABLE_STRICT_OBJC_MSGSEND = YES;
				ENABLE_TESTABILITY = YES;
				GCC_C_LANGUAGE_STANDARD = gnu11;
				GCC_DYNAMIC_NO_PIC = NO;
				GCC_NO_COMMON_BLOCKS = YES;
				GCC_OPTIMIZATION_LEVEL = 0;
				GCC_PREPROCESSOR_DEFINITIONS = (
					"DEBUG=1",
					"$(inherited)",
				);
				GCC_WARN_64_TO_32_BIT_CONVERSION = YES;
				GCC_WARN_ABOUT_RETURN_TYPE = YES_ERROR;
				GCC_WARN_UNDECLARED_SELECTOR = YES;
				GCC_WARN_UNINITIALIZED_AUTOS = YES_AGGRESSIVE;
				GCC_WARN_UNUSED_FUNCTION = YES;
				GCC_WARN_UNUSED_VARIABLE = YES;
				IPHONEOS_DEPLOYMENT_TARGET = 11.2;
				MTL_ENABLE_DEBUG_INFO = YES;
				ONLY_ACTIVE_ARCH = YES;
				SDKROOT = iphoneos;
			};
			name = Debug;
		};
		B48E0D3420007E730085A2DD /* Release */ = {
			isa = XCBuildConfiguration;
			buildSettings = {
				ALWAYS_SEARCH_USER_PATHS = NO;
				CLANG_ANALYZER_NONNULL = YES;
				CLANG_ANALYZER_NUMBER_OBJECT_CONVERSION = YES_AGGRESSIVE;
				CLANG_CXX_LANGUAGE_STANDARD = "gnu++14";
				CLANG_CXX_LIBRARY = "libc++";
				CLANG_ENABLE_MODULES = YES;
				CLANG_ENABLE_OBJC_ARC = YES;
				CLANG_WARN_BLOCK_CAPTURE_AUTORELEASING = YES;
				CLANG_WARN_BOOL_CONVERSION = YES;
				CLANG_WARN_COMMA = YES;
				CLANG_WARN_CONSTANT_CONVERSION = YES;
				CLANG_WARN_DIRECT_OBJC_ISA_USAGE = YES_ERROR;
				CLANG_WARN_DOCUMENTATION_COMMENTS = YES;
				CLANG_WARN_EMPTY_BODY = YES;
				CLANG_WARN_ENUM_CONVERSION = YES;
				CLANG_WARN_INFINITE_RECURSION = YES;
				CLANG_WARN_INT_CONVERSION = YES;
				CLANG_WARN_NON_LITERAL_NULL_CONVERSION = YES;
				CLANG_WARN_OBJC_LITERAL_CONVERSION = YES;
				CLANG_WARN_OBJC_ROOT_CLASS = YES_ERROR;
				CLANG_WARN_RANGE_LOOP_ANALYSIS = YES;
				CLANG_WARN_STRICT_PROTOTYPES = YES;
				CLANG_WARN_SUSPICIOUS_MOVE = YES;
				CLANG_WARN_UNGUARDED_AVAILABILITY = YES_AGGRESSIVE;
				CLANG_WARN_UNREACHABLE_CODE = YES;
				CLANG_WARN__DUPLICATE_METHOD_MATCH = YES;
				CODE_SIGN_IDENTITY = "iPhone Developer";
				COPY_PHASE_STRIP = NO;
				DEBUG_INFORMATION_FORMAT = "dwarf-with-dsym";
				ENABLE_NS_ASSERTIONS = NO;
				ENABLE_STRICT_OBJC_MSGSEND = YES;
				GCC_C_LANGUAGE_STANDARD = gnu11;
				GCC_NO_COMMON_BLOCKS = YES;
				GCC_WARN_64_TO_32_BIT_CONVERSION = YES;
				GCC_WARN_ABOUT_RETURN_TYPE = YES_ERROR;
				GCC_WARN_UNDECLARED_SELECTOR = YES;
				GCC_WARN_UNINITIALIZED_AUTOS = YES_AGGRESSIVE;
				GCC_WARN_UNUSED_FUNCTION = YES;
				GCC_WARN_UNUSED_VARIABLE = YES;
				IPHONEOS_DEPLOYMENT_TARGET = 11.2;
				MTL_ENABLE_DEBUG_INFO = NO;
				SDKROOT = iphoneos;
				VALIDATE_PRODUCT = YES;
			};
			name = Release;
		};
		B48E0D3620007E730085A2DD /* Debug */ = {
			isa = XCBuildConfiguration;
			baseConfigurationReference = 319EBD93DD73B93F7BC73845 /* Pods-xdzc.debug.xcconfig */;
			buildSettings = {
				ASSETCATALOG_COMPILER_APPICON_NAME = AppIcon;
				CODE_SIGN_STYLE = Automatic;
				DEVELOPMENT_TEAM = JMDM4A5BG3;
				INFOPLIST_FILE = xdzc/Info.plist;
				IPHONEOS_DEPLOYMENT_TARGET = 10.0;
				LD_RUNPATH_SEARCH_PATHS = "$(inherited) @executable_path/Frameworks";
				PRODUCT_BUNDLE_IDENTIFIER = com.linyi.www;
				PRODUCT_NAME = "$(TARGET_NAME)";
				TARGETED_DEVICE_FAMILY = 1;
			};
			name = Debug;
		};
		B48E0D3720007E730085A2DD /* Release */ = {
			isa = XCBuildConfiguration;
			baseConfigurationReference = 153A92FE28FD1EA020AA1FD3 /* Pods-xdzc.release.xcconfig */;
			buildSettings = {
				ASSETCATALOG_COMPILER_APPICON_NAME = AppIcon;
				CODE_SIGN_STYLE = Automatic;
				DEVELOPMENT_TEAM = JMDM4A5BG3;
				INFOPLIST_FILE = xdzc/Info.plist;
				IPHONEOS_DEPLOYMENT_TARGET = 10.0;
				LD_RUNPATH_SEARCH_PATHS = "$(inherited) @executable_path/Frameworks";
				PRODUCT_BUNDLE_IDENTIFIER = com.linyi.www;
				PRODUCT_NAME = "$(TARGET_NAME)";
				TARGETED_DEVICE_FAMILY = 1;
			};
			name = Release;
		};
/* End XCBuildConfiguration section */

/* Begin XCConfigurationList section */
		B48E0D1A20007E730085A2DD /* Build configuration list for PBXProject "xdzc" */ = {
			isa = XCConfigurationList;
			buildConfigurations = (
				B48E0D3320007E730085A2DD /* Debug */,
				B48E0D3420007E730085A2DD /* Release */,
			);
			defaultConfigurationIsVisible = 0;
			defaultConfigurationName = Release;
		};
		B48E0D3520007E730085A2DD /* Build configuration list for PBXNativeTarget "xdzc" */ = {
			isa = XCConfigurationList;
			buildConfigurations = (
				B48E0D3620007E730085A2DD /* Debug */,
				B48E0D3720007E730085A2DD /* Release */,
			);
			defaultConfigurationIsVisible = 0;
			defaultConfigurationName = Release;
		};
/* End XCConfigurationList section */
	};
	rootObject = B48E0D1720007E730085A2DD /* Project object */;
}
